PODS:
  - Ads-Global (8.1.1.1):
    - Ads-Global/BUAdSDK (= 8.1.1.1)
  - Ads-Global/BUAdSDK (8.1.1.1):
    - Ads-Global/PangleSDK
    - Ads-Global/TikTokBusinessSDK
  - Ads-Global/PangleSDK (8.1.1.1)
  - Ads-Global/TikTokBusinessSDK (8.1.1.1)
  - CubeXKit (1.2.2)
  - Google-Mobile-Ads-SDK (13.5.0):
    - GoogleUserMessagingPlatform (>= 1.1)
  - GoogleMobileAdsMediationPangle (8.1.1.1.0):
    - Ads-Global (= 8.1.1.1)
    - Google-Mobile-Ads-SDK (~> 13.3)
  - GoogleUserMessagingPlatform (3.1.0)
  - GreenPOfferWall (4.3.2)
  - UAdKit (2.6.3):
    - Google-Mobile-Ads-SDK (< 13.5.4, >= 12.4.0)
  - UPanKit/Adapters/Admob (1.6.2):
    - GoogleMobileAdsMediationPangle (< 8.1.1.1.1, >= 7.9.0.8.0)
    - UPanKit/Core
  - UPanKit/Core (1.6.2):
    - Ads-Global (< 8.1.1.2, >= 7.9.0.8)

DEPENDENCIES:
  - CubeXKit (= 1.2.2)
  - GreenPOfferWall (= 4.3.2)
  - UAdKit (= 2.6.3)
  - UPanKit/Adapters/Admob (= 1.6.2)

SPEC REPOS:
  trunk:
    - Ads-Global
    - CubeXKit
    - Google-Mobile-Ads-SDK
    - GoogleMobileAdsMediationPangle
    - GoogleUserMessagingPlatform
    - GreenPOfferWall
    - UAdKit
    - UPanKit

SPEC CHECKSUMS:
  Ads-Global: f3a8c8b16fcae04034db897b09f01948dd0178e4
  CubeXKit: ffc0f4de87e519021b3ca59b5e5b04a9cb40eeef
  Google-Mobile-Ads-SDK: 2171620c6497804b57dc88b95644cc82e7dfb5b0
  GoogleMobileAdsMediationPangle: 948ca72e4159d5b7026bba40a3249b35f6a73dc2
  GoogleUserMessagingPlatform: befe603da6501006420c206222acd449bba45a9c
  GreenPOfferWall: 8228b8662f4fa11b0da4bbe7b05681b4ca4dee2b
  UAdKit: b952b426cd02860600ee0555ce8526b7928b29a1
  UPanKit: e7b21f81cc53f9d5fc1b0fea2e6a19ce75477892

PODFILE CHECKSUM: 44c589b38167270a827531744069ee44681d8430

COCOAPODS: 1.16.2
