PODS:
  - GreenPOfferWall (3.5.3)

DEPENDENCIES:
  - GreenPOfferWall (= 3.5.3)

SPEC REPOS:
  https://github.com/CocoaPods/Specs.git:
    - GreenPOfferWall

SPEC CHECKSUMS:
  GreenPOfferWall: 293d8efab7c475162405e5985bf4250c8cbc33c6

PODFILE CHECKSUM: 93fee3e23214d961cb25c60619d78c214efcf5be

COCOAPODS: 1.15.2
