PODS:
  - Ads-Global (5.9.0.9):
    - Ads-Global/BUAdSDK (= 5.9.0.9)
  - Ads-Global/BUAdSDK (5.9.0.9):
    - Ads-Global/BURelyAdSDK
    - Ads-Global/Dep_Accurate
  - Ads-Global/BURelyAdSDK (5.9.0.9)
  - Ads-Global/Dep_Accurate (5.9.0.9):
    - BURelyFoundation_Global/Pangle (= 0.2.1.4)
  - Alamofire (5.9.1)
  - AppLovinSDK (12.5.0)
  - BURelyFoundation_Global/AFNetworking (0.2.1.4)
  - BURelyFoundation_Global/APM (0.2.1.4)
  - BURelyFoundation_Global/Foundation (0.2.1.4):
    - BURelyFoundation_Global/NETWork
  - BURelyFoundation_Global/Gecko (0.2.1.4):
    - BURelyFoundation_Global/Foundation
  - BURelyFoundation_Global/Header (0.2.1.4)
  - BURelyFoundation_Global/NETWork (0.2.1.4):
    - BURelyFoundation_Global/AFNetworking
  - BURelyFoundation_Global/Pangle (0.2.1.4):
    - BURelyFoundation_Global/AFNetworking
    - BURelyFoundation_Global/APM
    - BURelyFoundation_Global/Foundation
    - BURelyFoundation_Global/Gecko
    - BURelyFoundation_Global/Header
    - BURelyFoundation_Global/NETWork
    - BURelyFoundation_Global/SDWebImage
    - BURelyFoundation_Global/YYModel
    - BURelyFoundation_Global/ZFPlayer
    - BURelyFoundation_Global/Zip
  - BURelyFoundation_Global/SDWebImage (0.2.1.4):
    - BURelyFoundation_Global/Foundation
  - BURelyFoundation_Global/YYModel (0.2.1.4)
  - BURelyFoundation_Global/ZFPlayer (0.2.1.4):
    - BURelyFoundation_Global/Foundation
    - BURelyFoundation_Global/Zip
  - BURelyFoundation_Global/Zip (0.2.1.4):
    - BURelyFoundation_Global/Foundation
  - Google-Mobile-Ads-SDK (11.5.0):
    - GoogleUserMessagingPlatform (>= 1.1)
  - GoogleMobileAdsMediationAppLovin (12.5.0.0):
    - AppLovinSDK (= 12.5.0)
    - Google-Mobile-Ads-SDK (~> 11.0)
  - GoogleMobileAdsMediationPangle (5.9.0.9.0):
    - Ads-Global (= 5.9.0.9)
    - Google-Mobile-Ads-SDK (~> 11.0)
  - GoogleMobileAdsMediationUnity (4.11.3.1):
    - Google-Mobile-Ads-SDK (~> 11.0)
    - UnityAds (= 4.11.3)
  - GoogleUserMessagingPlatform (2.5.0)
  - GreenPOfferWallExs (3.2.1.0):
    - Kingfisher (= 7.11.0)
    - SnapKit (= 5.7.1)
    - UAdKit (= 1.0.3)
  - Kingfisher (7.11.0)
  - SnapKit (5.7.1)
  - UAdKit (1.0.3):
    - Alamofire (= 5.9.1)
    - Google-Mobile-Ads-SDK (= 11.5.0)
    - GoogleMobileAdsMediationAppLovin (= 12.5.0.0)
    - GoogleMobileAdsMediationPangle (= 5.9.0.9.0)
    - GoogleMobileAdsMediationUnity (= 4.11.3.1)
  - UnityAds (4.11.3)

DEPENDENCIES:
  - GreenPOfferWallExs (= 3.2.1.0)

SPEC REPOS:
  https://github.com/CocoaPods/Specs.git:
    - Ads-Global
    - Alamofire
    - AppLovinSDK
    - BURelyFoundation_Global
    - Google-Mobile-Ads-SDK
    - GoogleMobileAdsMediationAppLovin
    - GoogleMobileAdsMediationPangle
    - GoogleMobileAdsMediationUnity
    - GoogleUserMessagingPlatform
    - GreenPOfferWallExs
    - Kingfisher
    - SnapKit
    - UAdKit
    - UnityAds

SPEC CHECKSUMS:
  Ads-Global: eb2b0f3e6bf2bb9af37d7fc2646f7db975e7d639
  Alamofire: f36a35757af4587d8e4f4bfa223ad10be2422b8c
  AppLovinSDK: 626d2aea57ae1bf9280d2012e8e20c521c58ce28
  BURelyFoundation_Global: 17ed9cd58d138feefd8c0711dd3294766adcb28e
  Google-Mobile-Ads-SDK: 7db2098033ad3bfcd72a11e7503b49700a93029e
  GoogleMobileAdsMediationAppLovin: f4bfc543685340297fee0d61fa0dd9e5769c015f
  GoogleMobileAdsMediationPangle: bd927e2c38fc33c7fef1d2f60275887f3167da94
  GoogleMobileAdsMediationUnity: 2c73470a19241140e7ef8c6eef119611c24846bd
  GoogleUserMessagingPlatform: 6b4f48a370e77ce121d034c908cc6ee4fdafaf13
  GreenPOfferWallExs: f384dacded8684e42a468c3f25783d62731da15e
  Kingfisher: b9c985d864d43515f404f1ef4a8ce7d802ace3ac
  SnapKit: d612e99e678a2d3b95bf60b0705ed0a35c03484a
  UAdKit: 7a53f1f52b8612e425f4d1688317a46bcdcac973
  UnityAds: 4c2dbd3e82778b536b0bad23b640c16aae91dbb1

PODFILE CHECKSUM: 7aa45fd82fc6ae536a963433877a323b6cc5d3d0

COCOAPODS: 1.15.2
