{
  "originHash" : "89206fff077b37a863d5d87b66a98b728880b324796418ae98ede13101c6dc75",
  "pins" : [
    {
      "identity" : "adsglobalpackage",
      "kind" : "remoteSourceControl",
      "location" : "https://github.com/bytedance/AdsGlobalPackage.git",
      "state" : {
        "revision" : "0d62519f394ab6322dc56aa93609188e8887d076",
        "version" : "7.9.1-release.1"
      }
    },
    {
      "identity" : "cubid-ios-sdk-spm",
      "kind" : "remoteSourceControl",
      "location" : "https://github.com/rnd-adforus/cubid-ios-sdk-spm.git",
      "state" : {
        "revision" : "6a2d3bdfe57bf008a73181ec0e1e83368757194f",
        "version" : "1.3.4"
      }
    },
    {
      "identity" : "cubid-mediation-admob-ios-sdk-spm",
      "kind" : "remoteSourceControl",
      "location" : "https://github.com/rnd-adforus/cubid-mediation-admob-ios-sdk-spm",
      "state" : {
        "revision" : "457d9396ff6199c708700f84f951ff8073853009",
        "version" : "2.6.3"
      }
    },
    {
      "identity" : "cubid-mediation-cubex-ios-sdk-spm",
      "kind" : "remoteSourceControl",
      "location" : "https://github.com/rnd-adforus/cubid-mediation-cubex-ios-sdk-spm",
      "state" : {
        "revision" : "9301ce60e0f44e6c89a4bce0439644c675c46354",
        "version" : "1.2.3"
      }
    },
    {
      "identity" : "cubid-mediation-pangle-ios-sdk-spm",
      "kind" : "remoteSourceControl",
      "location" : "https://github.com/rnd-adforus/cubid-mediation-pangle-ios-sdk-spm",
      "state" : {
        "revision" : "f1710574da7b4931a6a476f441a1e4c0a0c99296",
        "version" : "1.6.2"
      }
    },
    {
      "identity" : "googleads-mobile-ios-mediation-pangle",
      "kind" : "remoteSourceControl",
      "location" : "https://github.com/googleads/googleads-mobile-ios-mediation-pangle.git",
      "state" : {
        "revision" : "e571a4a3b75bd721d4e5c43fddc81d6f44431331",
        "version" : "7.9.10100"
      }
    },
    {
      "identity" : "greenpofferwall-ios-sdk-spm",
      "kind" : "remoteSourceControl",
      "location" : "https://github.com/rnd-adforus/greenpofferwall-ios-sdk-spm.git",
      "state" : {
        "revision" : "718de9ca43a210903aa1723b5fbf7cf798df3860",
        "version" : "4.3.2"
      }
    },
    {
      "identity" : "swift-package-manager-google-mobile-ads",
      "kind" : "remoteSourceControl",
      "location" : "https://github.com/googleads/swift-package-manager-google-mobile-ads.git",
      "state" : {
        "revision" : "1a1a5ee5563b8e9ef57ba82c4a570e2e47078dc1",
        "version" : "13.0.0"
      }
    },
    {
      "identity" : "swift-package-manager-google-user-messaging-platform",
      "kind" : "remoteSourceControl",
      "location" : "https://github.com/googleads/swift-package-manager-google-user-messaging-platform.git",
      "state" : {
        "revision" : "13b248eaa73b7826f0efb1bcf455e251d65ecb1b",
        "version" : "3.1.0"
      }
    }
  ],
  "version" : 3
}
