// !$*UTF8*$!
{
	archiveVersion = 1;
	classes = {
	};
	objectVersion = 56;
	objects = {

/* Begin PBXBuildFile section */
		37F7886FF205FEAA27A4F57D /* Pods_GreenpOfferwallSample_GreenpOfferwallSampleUITests.framework in Frameworks */ = {isa = PBXBuildFile; fileRef = CB321D240EDC9F89169B3EA1 /* Pods_GreenpOfferwallSample_GreenpOfferwallSampleUITests.framework */; };
		5948584E2BDB5D6700DFE317 /* AppDelegate.swift in Sources */ = {isa = PBXBuildFile; fileRef = 5948584D2BDB5D6700DFE317 /* AppDelegate.swift */; };
		594858502BDB5D6700DFE317 /* SceneDelegate.swift in Sources */ = {isa = PBXBuildFile; fileRef = 5948584F2BDB5D6700DFE317 /* SceneDelegate.swift */; };
		594858522BDB5D6700DFE317 /* ViewController.swift in Sources */ = {isa = PBXBuildFile; fileRef = 594858512BDB5D6700DFE317 /* ViewController.swift */; };
		594858552BDB5D6700DFE317 /* Base in Resources */ = {isa = PBXBuildFile; fileRef = 594858542BDB5D6700DFE317 /* Base */; };
		594858572BDB5D6800DFE317 /* Assets.xcassets in Resources */ = {isa = PBXBuildFile; fileRef = 594858562BDB5D6800DFE317 /* Assets.xcassets */; };
		5948585A2BDB5D6800DFE317 /* Base in Resources */ = {isa = PBXBuildFile; fileRef = 594858592BDB5D6800DFE317 /* Base */; };
		594858652BDB5D6800DFE317 /* GreenpOfferwallSampleTests.swift in Sources */ = {isa = PBXBuildFile; fileRef = 594858642BDB5D6800DFE317 /* GreenpOfferwallSampleTests.swift */; };
		5948586F2BDB5D6800DFE317 /* GreenpOfferwallSampleUITests.swift in Sources */ = {isa = PBXBuildFile; fileRef = 5948586E2BDB5D6800DFE317 /* GreenpOfferwallSampleUITests.swift */; };
		594858712BDB5D6800DFE317 /* GreenpOfferwallSampleUITestsLaunchTests.swift in Sources */ = {isa = PBXBuildFile; fileRef = 594858702BDB5D6800DFE317 /* GreenpOfferwallSampleUITestsLaunchTests.swift */; };
		59DC05DF2C2CF68200391AF1 /* Pods_GreenpOfferwallSample.framework in Frameworks */ = {isa = PBXBuildFile; fileRef = 166F847387AEA7A0FA3B19C4 /* Pods_GreenpOfferwallSample.framework */; };
		59DC05E02C2CF68200391AF1 /* Pods_GreenpOfferwallSample.framework in Embed Frameworks */ = {isa = PBXBuildFile; fileRef = 166F847387AEA7A0FA3B19C4 /* Pods_GreenpOfferwallSample.framework */; settings = {ATTRIBUTES = (CodeSignOnCopy, RemoveHeadersOnCopy, ); }; };
		D5FAAAA4DF2CAE059AD7FEE1 /* Pods_GreenpOfferwallSampleTests.framework in Frameworks */ = {isa = PBXBuildFile; fileRef = 037AEC09536A953C77BC089B /* Pods_GreenpOfferwallSampleTests.framework */; };
/* End PBXBuildFile section */

/* Begin PBXContainerItemProxy section */
		594858612BDB5D6800DFE317 /* PBXContainerItemProxy */ = {
			isa = PBXContainerItemProxy;
			containerPortal = 594858422BDB5D6700DFE317 /* Project object */;
			proxyType = 1;
			remoteGlobalIDString = 594858492BDB5D6700DFE317;
			remoteInfo = GreenpOfferwallSample;
		};
		5948586B2BDB5D6800DFE317 /* PBXContainerItemProxy */ = {
			isa = PBXContainerItemProxy;
			containerPortal = 594858422BDB5D6700DFE317 /* Project object */;
			proxyType = 1;
			remoteGlobalIDString = 594858492BDB5D6700DFE317;
			remoteInfo = GreenpOfferwallSample;
		};
/* End PBXContainerItemProxy section */

/* Begin PBXCopyFilesBuildPhase section */
		5986FDB42BE3242900B00907 /* Embed Frameworks */ = {
			isa = PBXCopyFilesBuildPhase;
			buildActionMask = 2147483647;
			dstPath = "";
			dstSubfolderSpec = 10;
			files = (
				59DC05E02C2CF68200391AF1 /* Pods_GreenpOfferwallSample.framework in Embed Frameworks */,
			);
			name = "Embed Frameworks";
			runOnlyForDeploymentPostprocessing = 0;
		};
/* End PBXCopyFilesBuildPhase section */

/* Begin PBXFileReference section */
		037AEC09536A953C77BC089B /* Pods_GreenpOfferwallSampleTests.framework */ = {isa = PBXFileReference; explicitFileType = wrapper.framework; includeInIndex = 0; path = Pods_GreenpOfferwallSampleTests.framework; sourceTree = BUILT_PRODUCTS_DIR; };
		166F847387AEA7A0FA3B19C4 /* Pods_GreenpOfferwallSample.framework */ = {isa = PBXFileReference; explicitFileType = wrapper.framework; includeInIndex = 0; path = Pods_GreenpOfferwallSample.framework; sourceTree = BUILT_PRODUCTS_DIR; };
		4FB22ADB07B6CB1B432F9656 /* Pods-GreenpOfferwallSample.release.xcconfig */ = {isa = PBXFileReference; includeInIndex = 1; lastKnownFileType = text.xcconfig; name = "Pods-GreenpOfferwallSample.release.xcconfig"; path = "Target Support Files/Pods-GreenpOfferwallSample/Pods-GreenpOfferwallSample.release.xcconfig"; sourceTree = "<group>"; };
		5948584A2BDB5D6700DFE317 /* GreenpOfferwallSample.app */ = {isa = PBXFileReference; explicitFileType = wrapper.application; includeInIndex = 0; path = GreenpOfferwallSample.app; sourceTree = BUILT_PRODUCTS_DIR; };
		5948584D2BDB5D6700DFE317 /* AppDelegate.swift */ = {isa = PBXFileReference; lastKnownFileType = sourcecode.swift; path = AppDelegate.swift; sourceTree = "<group>"; };
		5948584F2BDB5D6700DFE317 /* SceneDelegate.swift */ = {isa = PBXFileReference; lastKnownFileType = sourcecode.swift; path = SceneDelegate.swift; sourceTree = "<group>"; };
		594858512BDB5D6700DFE317 /* ViewController.swift */ = {isa = PBXFileReference; lastKnownFileType = sourcecode.swift; path = ViewController.swift; sourceTree = "<group>"; };
		594858542BDB5D6700DFE317 /* Base */ = {isa = PBXFileReference; lastKnownFileType = file.storyboard; name = Base; path = Base.lproj/Main.storyboard; sourceTree = "<group>"; };
		594858562BDB5D6800DFE317 /* Assets.xcassets */ = {isa = PBXFileReference; lastKnownFileType = folder.assetcatalog; path = Assets.xcassets; sourceTree = "<group>"; };
		594858592BDB5D6800DFE317 /* Base */ = {isa = PBXFileReference; lastKnownFileType = file.storyboard; name = Base; path = Base.lproj/LaunchScreen.storyboard; sourceTree = "<group>"; };
		5948585B2BDB5D6800DFE317 /* Info.plist */ = {isa = PBXFileReference; lastKnownFileType = text.plist.xml; path = Info.plist; sourceTree = "<group>"; };
		594858602BDB5D6800DFE317 /* GreenpOfferwallSampleTests.xctest */ = {isa = PBXFileReference; explicitFileType = wrapper.cfbundle; includeInIndex = 0; path = GreenpOfferwallSampleTests.xctest; sourceTree = BUILT_PRODUCTS_DIR; };
		594858642BDB5D6800DFE317 /* GreenpOfferwallSampleTests.swift */ = {isa = PBXFileReference; lastKnownFileType = sourcecode.swift; path = GreenpOfferwallSampleTests.swift; sourceTree = "<group>"; };
		5948586A2BDB5D6800DFE317 /* GreenpOfferwallSampleUITests.xctest */ = {isa = PBXFileReference; explicitFileType = wrapper.cfbundle; includeInIndex = 0; path = GreenpOfferwallSampleUITests.xctest; sourceTree = BUILT_PRODUCTS_DIR; };
		5948586E2BDB5D6800DFE317 /* GreenpOfferwallSampleUITests.swift */ = {isa = PBXFileReference; lastKnownFileType = sourcecode.swift; path = GreenpOfferwallSampleUITests.swift; sourceTree = "<group>"; };
		594858702BDB5D6800DFE317 /* GreenpOfferwallSampleUITestsLaunchTests.swift */ = {isa = PBXFileReference; lastKnownFileType = sourcecode.swift; path = GreenpOfferwallSampleUITestsLaunchTests.swift; sourceTree = "<group>"; };
		6AB4500A5763170D3213737E /* Pods-GreenpOfferwallSampleTests.debug.xcconfig */ = {isa = PBXFileReference; includeInIndex = 1; lastKnownFileType = text.xcconfig; name = "Pods-GreenpOfferwallSampleTests.debug.xcconfig"; path = "Target Support Files/Pods-GreenpOfferwallSampleTests/Pods-GreenpOfferwallSampleTests.debug.xcconfig"; sourceTree = "<group>"; };
		72411AB25EFD913712DAAA90 /* Pods-GreenpOfferwallSample-GreenpOfferwallSampleUITests.debug.xcconfig */ = {isa = PBXFileReference; includeInIndex = 1; lastKnownFileType = text.xcconfig; name = "Pods-GreenpOfferwallSample-GreenpOfferwallSampleUITests.debug.xcconfig"; path = "Target Support Files/Pods-GreenpOfferwallSample-GreenpOfferwallSampleUITests/Pods-GreenpOfferwallSample-GreenpOfferwallSampleUITests.debug.xcconfig"; sourceTree = "<group>"; };
		7E45EA36BC281C19528C17CF /* Pods-GreenpOfferwallSampleTests.release.xcconfig */ = {isa = PBXFileReference; includeInIndex = 1; lastKnownFileType = text.xcconfig; name = "Pods-GreenpOfferwallSampleTests.release.xcconfig"; path = "Target Support Files/Pods-GreenpOfferwallSampleTests/Pods-GreenpOfferwallSampleTests.release.xcconfig"; sourceTree = "<group>"; };
		9FD42076D6363270133E0F8A /* Pods-GreenpOfferwallSample-GreenpOfferwallSampleUITests.release.xcconfig */ = {isa = PBXFileReference; includeInIndex = 1; lastKnownFileType = text.xcconfig; name = "Pods-GreenpOfferwallSample-GreenpOfferwallSampleUITests.release.xcconfig"; path = "Target Support Files/Pods-GreenpOfferwallSample-GreenpOfferwallSampleUITests/Pods-GreenpOfferwallSample-GreenpOfferwallSampleUITests.release.xcconfig"; sourceTree = "<group>"; };
		BC0B01D795980D6977D60E87 /* Pods-GreenpOfferwallSample.debug.xcconfig */ = {isa = PBXFileReference; includeInIndex = 1; lastKnownFileType = text.xcconfig; name = "Pods-GreenpOfferwallSample.debug.xcconfig"; path = "Target Support Files/Pods-GreenpOfferwallSample/Pods-GreenpOfferwallSample.debug.xcconfig"; sourceTree = "<group>"; };
		CB321D240EDC9F89169B3EA1 /* Pods_GreenpOfferwallSample_GreenpOfferwallSampleUITests.framework */ = {isa = PBXFileReference; explicitFileType = wrapper.framework; includeInIndex = 0; path = Pods_GreenpOfferwallSample_GreenpOfferwallSampleUITests.framework; sourceTree = BUILT_PRODUCTS_DIR; };
/* End PBXFileReference section */

/* Begin PBXFrameworksBuildPhase section */
		594858472BDB5D6700DFE317 /* Frameworks */ = {
			isa = PBXFrameworksBuildPhase;
			buildActionMask = 2147483647;
			files = (
				59DC05DF2C2CF68200391AF1 /* Pods_GreenpOfferwallSample.framework in Frameworks */,
			);
			runOnlyForDeploymentPostprocessing = 0;
		};
		5948585D2BDB5D6800DFE317 /* Frameworks */ = {
			isa = PBXFrameworksBuildPhase;
			buildActionMask = 2147483647;
			files = (
				D5FAAAA4DF2CAE059AD7FEE1 /* Pods_GreenpOfferwallSampleTests.framework in Frameworks */,
			);
			runOnlyForDeploymentPostprocessing = 0;
		};
		594858672BDB5D6800DFE317 /* Frameworks */ = {
			isa = PBXFrameworksBuildPhase;
			buildActionMask = 2147483647;
			files = (
				37F7886FF205FEAA27A4F57D /* Pods_GreenpOfferwallSample_GreenpOfferwallSampleUITests.framework in Frameworks */,
			);
			runOnlyForDeploymentPostprocessing = 0;
		};
/* End PBXFrameworksBuildPhase section */

/* Begin PBXGroup section */
		594858412BDB5D6700DFE317 = {
			isa = PBXGroup;
			children = (
				5948584C2BDB5D6700DFE317 /* GreenpOfferwallSample */,
				594858632BDB5D6800DFE317 /* GreenpOfferwallSampleTests */,
				5948586D2BDB5D6800DFE317 /* GreenpOfferwallSampleUITests */,
				5948584B2BDB5D6700DFE317 /* Products */,
				DFBA8B8C85583A6582ED2116 /* Pods */,
				CE0C4F4AA5ED7EDA84ABBD86 /* Frameworks */,
			);
			sourceTree = "<group>";
		};
		5948584B2BDB5D6700DFE317 /* Products */ = {
			isa = PBXGroup;
			children = (
				5948584A2BDB5D6700DFE317 /* GreenpOfferwallSample.app */,
				594858602BDB5D6800DFE317 /* GreenpOfferwallSampleTests.xctest */,
				5948586A2BDB5D6800DFE317 /* GreenpOfferwallSampleUITests.xctest */,
			);
			name = Products;
			sourceTree = "<group>";
		};
		5948584C2BDB5D6700DFE317 /* GreenpOfferwallSample */ = {
			isa = PBXGroup;
			children = (
				5948584D2BDB5D6700DFE317 /* AppDelegate.swift */,
				5948584F2BDB5D6700DFE317 /* SceneDelegate.swift */,
				594858512BDB5D6700DFE317 /* ViewController.swift */,
				594858532BDB5D6700DFE317 /* Main.storyboard */,
				594858562BDB5D6800DFE317 /* Assets.xcassets */,
				594858582BDB5D6800DFE317 /* LaunchScreen.storyboard */,
				5948585B2BDB5D6800DFE317 /* Info.plist */,
			);
			path = GreenpOfferwallSample;
			sourceTree = "<group>";
		};
		594858632BDB5D6800DFE317 /* GreenpOfferwallSampleTests */ = {
			isa = PBXGroup;
			children = (
				594858642BDB5D6800DFE317 /* GreenpOfferwallSampleTests.swift */,
			);
			path = GreenpOfferwallSampleTests;
			sourceTree = "<group>";
		};
		5948586D2BDB5D6800DFE317 /* GreenpOfferwallSampleUITests */ = {
			isa = PBXGroup;
			children = (
				5948586E2BDB5D6800DFE317 /* GreenpOfferwallSampleUITests.swift */,
				594858702BDB5D6800DFE317 /* GreenpOfferwallSampleUITestsLaunchTests.swift */,
			);
			path = GreenpOfferwallSampleUITests;
			sourceTree = "<group>";
		};
		CE0C4F4AA5ED7EDA84ABBD86 /* Frameworks */ = {
			isa = PBXGroup;
			children = (
				166F847387AEA7A0FA3B19C4 /* Pods_GreenpOfferwallSample.framework */,
				CB321D240EDC9F89169B3EA1 /* Pods_GreenpOfferwallSample_GreenpOfferwallSampleUITests.framework */,
				037AEC09536A953C77BC089B /* Pods_GreenpOfferwallSampleTests.framework */,
			);
			name = Frameworks;
			sourceTree = "<group>";
		};
		DFBA8B8C85583A6582ED2116 /* Pods */ = {
			isa = PBXGroup;
			children = (
				BC0B01D795980D6977D60E87 /* Pods-GreenpOfferwallSample.debug.xcconfig */,
				4FB22ADB07B6CB1B432F9656 /* Pods-GreenpOfferwallSample.release.xcconfig */,
				72411AB25EFD913712DAAA90 /* Pods-GreenpOfferwallSample-GreenpOfferwallSampleUITests.debug.xcconfig */,
				9FD42076D6363270133E0F8A /* Pods-GreenpOfferwallSample-GreenpOfferwallSampleUITests.release.xcconfig */,
				6AB4500A5763170D3213737E /* Pods-GreenpOfferwallSampleTests.debug.xcconfig */,
				7E45EA36BC281C19528C17CF /* Pods-GreenpOfferwallSampleTests.release.xcconfig */,
			);
			path = Pods;
			sourceTree = "<group>";
		};
/* End PBXGroup section */

/* Begin PBXNativeTarget section */
		594858492BDB5D6700DFE317 /* GreenpOfferwallSample */ = {
			isa = PBXNativeTarget;
			buildConfigurationList = 594858742BDB5D6800DFE317 /* Build configuration list for PBXNativeTarget "GreenpOfferwallSample" */;
			buildPhases = (
				15D7D716E7C1963B0C4F8540 /* [CP] Check Pods Manifest.lock */,
				594858462BDB5D6700DFE317 /* Sources */,
				594858472BDB5D6700DFE317 /* Frameworks */,
				594858482BDB5D6700DFE317 /* Resources */,
				5986FDB42BE3242900B00907 /* Embed Frameworks */,
				646D591B323495BD91DA2589 /* [CP] Embed Pods Frameworks */,
			);
			buildRules = (
			);
			dependencies = (
			);
			name = GreenpOfferwallSample;
			productName = GreenpOfferwallSample;
			productReference = 5948584A2BDB5D6700DFE317 /* GreenpOfferwallSample.app */;
			productType = "com.apple.product-type.application";
		};
		5948585F2BDB5D6800DFE317 /* GreenpOfferwallSampleTests */ = {
			isa = PBXNativeTarget;
			buildConfigurationList = 594858772BDB5D6800DFE317 /* Build configuration list for PBXNativeTarget "GreenpOfferwallSampleTests" */;
			buildPhases = (
				6C899BF11B5386D8432C9F44 /* [CP] Check Pods Manifest.lock */,
				5948585C2BDB5D6800DFE317 /* Sources */,
				5948585D2BDB5D6800DFE317 /* Frameworks */,
				5948585E2BDB5D6800DFE317 /* Resources */,
			);
			buildRules = (
			);
			dependencies = (
				594858622BDB5D6800DFE317 /* PBXTargetDependency */,
			);
			name = GreenpOfferwallSampleTests;
			productName = GreenpOfferwallSampleTests;
			productReference = 594858602BDB5D6800DFE317 /* GreenpOfferwallSampleTests.xctest */;
			productType = "com.apple.product-type.bundle.unit-test";
		};
		594858692BDB5D6800DFE317 /* GreenpOfferwallSampleUITests */ = {
			isa = PBXNativeTarget;
			buildConfigurationList = 5948587A2BDB5D6800DFE317 /* Build configuration list for PBXNativeTarget "GreenpOfferwallSampleUITests" */;
			buildPhases = (
				7ABC1BB481DA6F9D54B09901 /* [CP] Check Pods Manifest.lock */,
				594858662BDB5D6800DFE317 /* Sources */,
				594858672BDB5D6800DFE317 /* Frameworks */,
				594858682BDB5D6800DFE317 /* Resources */,
				C7B53EEC80004B47F6800E5B /* [CP] Embed Pods Frameworks */,
			);
			buildRules = (
			);
			dependencies = (
				5948586C2BDB5D6800DFE317 /* PBXTargetDependency */,
			);
			name = GreenpOfferwallSampleUITests;
			productName = GreenpOfferwallSampleUITests;
			productReference = 5948586A2BDB5D6800DFE317 /* GreenpOfferwallSampleUITests.xctest */;
			productType = "com.apple.product-type.bundle.ui-testing";
		};
/* End PBXNativeTarget section */

/* Begin PBXProject section */
		594858422BDB5D6700DFE317 /* Project object */ = {
			isa = PBXProject;
			attributes = {
				BuildIndependentTargetsInParallel = 1;
				LastSwiftUpdateCheck = 1530;
				LastUpgradeCheck = 1530;
				TargetAttributes = {
					594858492BDB5D6700DFE317 = {
						CreatedOnToolsVersion = 15.3;
					};
					5948585F2BDB5D6800DFE317 = {
						CreatedOnToolsVersion = 15.3;
						TestTargetID = 594858492BDB5D6700DFE317;
					};
					594858692BDB5D6800DFE317 = {
						CreatedOnToolsVersion = 15.3;
						TestTargetID = 594858492BDB5D6700DFE317;
					};
				};
			};
			buildConfigurationList = 594858452BDB5D6700DFE317 /* Build configuration list for PBXProject "GreenPOfferWallSample" */;
			compatibilityVersion = "Xcode 14.0";
			developmentRegion = en;
			hasScannedForEncodings = 0;
			knownRegions = (
				en,
				Base,
			);
			mainGroup = 594858412BDB5D6700DFE317;
			productRefGroup = 5948584B2BDB5D6700DFE317 /* Products */;
			projectDirPath = "";
			projectRoot = "";
			targets = (
				594858492BDB5D6700DFE317 /* GreenpOfferwallSample */,
				5948585F2BDB5D6800DFE317 /* GreenpOfferwallSampleTests */,
				594858692BDB5D6800DFE317 /* GreenpOfferwallSampleUITests */,
			);
		};
/* End PBXProject section */

/* Begin PBXResourcesBuildPhase section */
		594858482BDB5D6700DFE317 /* Resources */ = {
			isa = PBXResourcesBuildPhase;
			buildActionMask = 2147483647;
			files = (
				594858572BDB5D6800DFE317 /* Assets.xcassets in Resources */,
				5948585A2BDB5D6800DFE317 /* Base in Resources */,
				594858552BDB5D6700DFE317 /* Base in Resources */,
			);
			runOnlyForDeploymentPostprocessing = 0;
		};
		5948585E2BDB5D6800DFE317 /* Resources */ = {
			isa = PBXResourcesBuildPhase;
			buildActionMask = 2147483647;
			files = (
			);
			runOnlyForDeploymentPostprocessing = 0;
		};
		594858682BDB5D6800DFE317 /* Resources */ = {
			isa = PBXResourcesBuildPhase;
			buildActionMask = 2147483647;
			files = (
			);
			runOnlyForDeploymentPostprocessing = 0;
		};
/* End PBXResourcesBuildPhase section */

/* Begin PBXShellScriptBuildPhase section */
		15D7D716E7C1963B0C4F8540 /* [CP] Check Pods Manifest.lock */ = {
			isa = PBXShellScriptBuildPhase;
			buildActionMask = 2147483647;
			files = (
			);
			inputFileListPaths = (
			);
			inputPaths = (
				"${PODS_PODFILE_DIR_PATH}/Podfile.lock",
				"${PODS_ROOT}/Manifest.lock",
			);
			name = "[CP] Check Pods Manifest.lock";
			outputFileListPaths = (
			);
			outputPaths = (
				"$(DERIVED_FILE_DIR)/Pods-GreenpOfferwallSample-checkManifestLockResult.txt",
			);
			runOnlyForDeploymentPostprocessing = 0;
			shellPath = /bin/sh;
			shellScript = "diff \"${PODS_PODFILE_DIR_PATH}/Podfile.lock\" \"${PODS_ROOT}/Manifest.lock\" > /dev/null\nif [ $? != 0 ] ; then\n    # print error to STDERR\n    echo \"error: The sandbox is not in sync with the Podfile.lock. Run 'pod install' or update your CocoaPods installation.\" >&2\n    exit 1\nfi\n# This output is used by Xcode 'outputs' to avoid re-running this script phase.\necho \"SUCCESS\" > \"${SCRIPT_OUTPUT_FILE_0}\"\n";
			showEnvVarsInLog = 0;
		};
		646D591B323495BD91DA2589 /* [CP] Embed Pods Frameworks */ = {
			isa = PBXShellScriptBuildPhase;
			buildActionMask = 2147483647;
			files = (
			);
			inputFileListPaths = (
				"${PODS_ROOT}/Target Support Files/Pods-GreenpOfferwallSample/Pods-GreenpOfferwallSample-frameworks-${CONFIGURATION}-input-files.xcfilelist",
			);
			name = "[CP] Embed Pods Frameworks";
			outputFileListPaths = (
				"${PODS_ROOT}/Target Support Files/Pods-GreenpOfferwallSample/Pods-GreenpOfferwallSample-frameworks-${CONFIGURATION}-output-files.xcfilelist",
			);
			runOnlyForDeploymentPostprocessing = 0;
			shellPath = /bin/sh;
			shellScript = "\"${PODS_ROOT}/Target Support Files/Pods-GreenpOfferwallSample/Pods-GreenpOfferwallSample-frameworks.sh\"\n";
			showEnvVarsInLog = 0;
		};
		6C899BF11B5386D8432C9F44 /* [CP] Check Pods Manifest.lock */ = {
			isa = PBXShellScriptBuildPhase;
			buildActionMask = 2147483647;
			files = (
			);
			inputFileListPaths = (
			);
			inputPaths = (
				"${PODS_PODFILE_DIR_PATH}/Podfile.lock",
				"${PODS_ROOT}/Manifest.lock",
			);
			name = "[CP] Check Pods Manifest.lock";
			outputFileListPaths = (
			);
			outputPaths = (
				"$(DERIVED_FILE_DIR)/Pods-GreenpOfferwallSampleTests-checkManifestLockResult.txt",
			);
			runOnlyForDeploymentPostprocessing = 0;
			shellPath = /bin/sh;
			shellScript = "diff \"${PODS_PODFILE_DIR_PATH}/Podfile.lock\" \"${PODS_ROOT}/Manifest.lock\" > /dev/null\nif [ $? != 0 ] ; then\n    # print error to STDERR\n    echo \"error: The sandbox is not in sync with the Podfile.lock. Run 'pod install' or update your CocoaPods installation.\" >&2\n    exit 1\nfi\n# This output is used by Xcode 'outputs' to avoid re-running this script phase.\necho \"SUCCESS\" > \"${SCRIPT_OUTPUT_FILE_0}\"\n";
			showEnvVarsInLog = 0;
		};
		7ABC1BB481DA6F9D54B09901 /* [CP] Check Pods Manifest.lock */ = {
			isa = PBXShellScriptBuildPhase;
			buildActionMask = 2147483647;
			files = (
			);
			inputFileListPaths = (
			);
			inputPaths = (
				"${PODS_PODFILE_DIR_PATH}/Podfile.lock",
				"${PODS_ROOT}/Manifest.lock",
			);
			name = "[CP] Check Pods Manifest.lock";
			outputFileListPaths = (
			);
			outputPaths = (
				"$(DERIVED_FILE_DIR)/Pods-GreenpOfferwallSample-GreenpOfferwallSampleUITests-checkManifestLockResult.txt",
			);
			runOnlyForDeploymentPostprocessing = 0;
			shellPath = /bin/sh;
			shellScript = "diff \"${PODS_PODFILE_DIR_PATH}/Podfile.lock\" \"${PODS_ROOT}/Manifest.lock\" > /dev/null\nif [ $? != 0 ] ; then\n    # print error to STDERR\n    echo \"error: The sandbox is not in sync with the Podfile.lock. Run 'pod install' or update your CocoaPods installation.\" >&2\n    exit 1\nfi\n# This output is used by Xcode 'outputs' to avoid re-running this script phase.\necho \"SUCCESS\" > \"${SCRIPT_OUTPUT_FILE_0}\"\n";
			showEnvVarsInLog = 0;
		};
		C7B53EEC80004B47F6800E5B /* [CP] Embed Pods Frameworks */ = {
			isa = PBXShellScriptBuildPhase;
			buildActionMask = 2147483647;
			files = (
			);
			inputFileListPaths = (
				"${PODS_ROOT}/Target Support Files/Pods-GreenpOfferwallSample-GreenpOfferwallSampleUITests/Pods-GreenpOfferwallSample-GreenpOfferwallSampleUITests-frameworks-${CONFIGURATION}-input-files.xcfilelist",
			);
			name = "[CP] Embed Pods Frameworks";
			outputFileListPaths = (
				"${PODS_ROOT}/Target Support Files/Pods-GreenpOfferwallSample-GreenpOfferwallSampleUITests/Pods-GreenpOfferwallSample-GreenpOfferwallSampleUITests-frameworks-${CONFIGURATION}-output-files.xcfilelist",
			);
			runOnlyForDeploymentPostprocessing = 0;
			shellPath = /bin/sh;
			shellScript = "\"${PODS_ROOT}/Target Support Files/Pods-GreenpOfferwallSample-GreenpOfferwallSampleUITests/Pods-GreenpOfferwallSample-GreenpOfferwallSampleUITests-frameworks.sh\"\n";
			showEnvVarsInLog = 0;
		};
/* End PBXShellScriptBuildPhase section */

/* Begin PBXSourcesBuildPhase section */
		594858462BDB5D6700DFE317 /* Sources */ = {
			isa = PBXSourcesBuildPhase;
			buildActionMask = 2147483647;
			files = (
				594858522BDB5D6700DFE317 /* ViewController.swift in Sources */,
				5948584E2BDB5D6700DFE317 /* AppDelegate.swift in Sources */,
				594858502BDB5D6700DFE317 /* SceneDelegate.swift in Sources */,
			);
			runOnlyForDeploymentPostprocessing = 0;
		};
		5948585C2BDB5D6800DFE317 /* Sources */ = {
			isa = PBXSourcesBuildPhase;
			buildActionMask = 2147483647;
			files = (
				594858652BDB5D6800DFE317 /* GreenpOfferwallSampleTests.swift in Sources */,
			);
			runOnlyForDeploymentPostprocessing = 0;
		};
		594858662BDB5D6800DFE317 /* Sources */ = {
			isa = PBXSourcesBuildPhase;
			buildActionMask = 2147483647;
			files = (
				594858712BDB5D6800DFE317 /* GreenpOfferwallSampleUITestsLaunchTests.swift in Sources */,
				5948586F2BDB5D6800DFE317 /* GreenpOfferwallSampleUITests.swift in Sources */,
			);
			runOnlyForDeploymentPostprocessing = 0;
		};
/* End PBXSourcesBuildPhase section */

/* Begin PBXTargetDependency section */
		594858622BDB5D6800DFE317 /* PBXTargetDependency */ = {
			isa = PBXTargetDependency;
			target = 594858492BDB5D6700DFE317 /* GreenpOfferwallSample */;
			targetProxy = 594858612BDB5D6800DFE317 /* PBXContainerItemProxy */;
		};
		5948586C2BDB5D6800DFE317 /* PBXTargetDependency */ = {
			isa = PBXTargetDependency;
			target = 594858492BDB5D6700DFE317 /* GreenpOfferwallSample */;
			targetProxy = 5948586B2BDB5D6800DFE317 /* PBXContainerItemProxy */;
		};
/* End PBXTargetDependency section */

/* Begin PBXVariantGroup section */
		594858532BDB5D6700DFE317 /* Main.storyboard */ = {
			isa = PBXVariantGroup;
			children = (
				594858542BDB5D6700DFE317 /* Base */,
			);
			name = Main.storyboard;
			sourceTree = "<group>";
		};
		594858582BDB5D6800DFE317 /* LaunchScreen.storyboard */ = {
			isa = PBXVariantGroup;
			children = (
				594858592BDB5D6800DFE317 /* Base */,
			);
			name = LaunchScreen.storyboard;
			sourceTree = "<group>";
		};
/* End PBXVariantGroup section */

/* Begin XCBuildConfiguration section */
		594858722BDB5D6800DFE317 /* Debug */ = {
			isa = XCBuildConfiguration;
			buildSettings = {
				ALWAYS_SEARCH_USER_PATHS = NO;
				ASSETCATALOG_COMPILER_GENERATE_SWIFT_ASSET_SYMBOL_EXTENSIONS = YES;
				CLANG_ANALYZER_NONNULL = YES;
				CLANG_ANALYZER_NUMBER_OBJECT_CONVERSION = YES_AGGRESSIVE;
				CLANG_CXX_LANGUAGE_STANDARD = "gnu++20";
				CLANG_ENABLE_MODULES = YES;
				CLANG_ENABLE_OBJC_ARC = YES;
				CLANG_ENABLE_OBJC_WEAK = YES;
				CLANG_WARN_BLOCK_CAPTURE_AUTORELEASING = YES;
				CLANG_WARN_BOOL_CONVERSION = YES;
				CLANG_WARN_COMMA = YES;
				CLANG_WARN_CONSTANT_CONVERSION = YES;
				CLANG_WARN_DEPRECATED_OBJC_IMPLEMENTATIONS = YES;
				CLANG_WARN_DIRECT_OBJC_ISA_USAGE = YES_ERROR;
				CLANG_WARN_DOCUMENTATION_COMMENTS = YES;
				CLANG_WARN_EMPTY_BODY = YES;
				CLANG_WARN_ENUM_CONVERSION = YES;
				CLANG_WARN_INFINITE_RECURSION = YES;
				CLANG_WARN_INT_CONVERSION = YES;
				CLANG_WARN_NON_LITERAL_NULL_CONVERSION = YES;
				CLANG_WARN_OBJC_IMPLICIT_RETAIN_SELF = YES;
				CLANG_WARN_OBJC_LITERAL_CONVERSION = YES;
				CLANG_WARN_OBJC_ROOT_CLASS = YES_ERROR;
				CLANG_WARN_QUOTED_INCLUDE_IN_FRAMEWORK_HEADER = YES;
				CLANG_WARN_RANGE_LOOP_ANALYSIS = YES;
				CLANG_WARN_STRICT_PROTOTYPES = YES;
				CLANG_WARN_SUSPICIOUS_MOVE = YES;
				CLANG_WARN_UNGUARDED_AVAILABILITY = YES_AGGRESSIVE;
				CLANG_WARN_UNREACHABLE_CODE = YES;
				CLANG_WARN__DUPLICATE_METHOD_MATCH = YES;
				COPY_PHASE_STRIP = NO;
				DEBUG_INFORMATION_FORMAT = dwarf;
				ENABLE_STRICT_OBJC_MSGSEND = YES;
				ENABLE_TESTABILITY = YES;
				ENABLE_USER_SCRIPT_SANDBOXING = NO;
				GCC_C_LANGUAGE_STANDARD = gnu17;
				GCC_DYNAMIC_NO_PIC = NO;
				GCC_NO_COMMON_BLOCKS = YES;
				GCC_OPTIMIZATION_LEVEL = 0;
				GCC_PREPROCESSOR_DEFINITIONS = (
					"DEBUG=1",
					"$(inherited)",
				);
				GCC_WARN_64_TO_32_BIT_CONVERSION = YES;
				GCC_WARN_ABOUT_RETURN_TYPE = YES_ERROR;
				GCC_WARN_UNDECLARED_SELECTOR = YES;
				GCC_WARN_UNINITIALIZED_AUTOS = YES_AGGRESSIVE;
				GCC_WARN_UNUSED_FUNCTION = YES;
				GCC_WARN_UNUSED_VARIABLE = YES;
				IPHONEOS_DEPLOYMENT_TARGET = 16.0;
				LOCALIZATION_PREFERS_STRING_CATALOGS = YES;
				MTL_ENABLE_DEBUG_INFO = INCLUDE_SOURCE;
				MTL_FAST_MATH = YES;
				ONLY_ACTIVE_ARCH = YES;
				SDKROOT = iphoneos;
				SWIFT_ACTIVE_COMPILATION_CONDITIONS = "DEBUG $(inherited)";
				SWIFT_OPTIMIZATION_LEVEL = "-Onone";
			};
			name = Debug;
		};
		594858732BDB5D6800DFE317 /* Release */ = {
			isa = XCBuildConfiguration;
			buildSettings = {
				ALWAYS_SEARCH_USER_PATHS = NO;
				ASSETCATALOG_COMPILER_GENERATE_SWIFT_ASSET_SYMBOL_EXTENSIONS = YES;
				CLANG_ANALYZER_NONNULL = YES;
				CLANG_ANALYZER_NUMBER_OBJECT_CONVERSION = YES_AGGRESSIVE;
				CLANG_CXX_LANGUAGE_STANDARD = "gnu++20";
				CLANG_ENABLE_MODULES = YES;
				CLANG_ENABLE_OBJC_ARC = YES;
				CLANG_ENABLE_OBJC_WEAK = YES;
				CLANG_WARN_BLOCK_CAPTURE_AUTORELEASING = YES;
				CLANG_WARN_BOOL_CONVERSION = YES;
				CLANG_WARN_COMMA = YES;
				CLANG_WARN_CONSTANT_CONVERSION = YES;
				CLANG_WARN_DEPRECATED_OBJC_IMPLEMENTATIONS = YES;
				CLANG_WARN_DIRECT_OBJC_ISA_USAGE = YES_ERROR;
				CLANG_WARN_DOCUMENTATION_COMMENTS = YES;
				CLANG_WARN_EMPTY_BODY = YES;
				CLANG_WARN_ENUM_CONVERSION = YES;
				CLANG_WARN_INFINITE_RECURSION = YES;
				CLANG_WARN_INT_CONVERSION = YES;
				CLANG_WARN_NON_LITERAL_NULL_CONVERSION = YES;
				CLANG_WARN_OBJC_IMPLICIT_RETAIN_SELF = YES;
				CLANG_WARN_OBJC_LITERAL_CONVERSION = YES;
				CLANG_WARN_OBJC_ROOT_CLASS = YES_ERROR;
				CLANG_WARN_QUOTED_INCLUDE_IN_FRAMEWORK_HEADER = YES;
				CLANG_WARN_RANGE_LOOP_ANALYSIS = YES;
				CLANG_WARN_STRICT_PROTOTYPES = YES;
				CLANG_WARN_SUSPICIOUS_MOVE = YES;
				CLANG_WARN_UNGUARDED_AVAILABILITY = YES_AGGRESSIVE;
				CLANG_WARN_UNREACHABLE_CODE = YES;
				CLANG_WARN__DUPLICATE_METHOD_MATCH = YES;
				COPY_PHASE_STRIP = NO;
				DEBUG_INFORMATION_FORMAT = "dwarf-with-dsym";
				ENABLE_NS_ASSERTIONS = NO;
				ENABLE_STRICT_OBJC_MSGSEND = YES;
				ENABLE_USER_SCRIPT_SANDBOXING = NO;
				GCC_C_LANGUAGE_STANDARD = gnu17;
				GCC_NO_COMMON_BLOCKS = YES;
				GCC_WARN_64_TO_32_BIT_CONVERSION = YES;
				GCC_WARN_ABOUT_RETURN_TYPE = YES_ERROR;
				GCC_WARN_UNDECLARED_SELECTOR = YES;
				GCC_WARN_UNINITIALIZED_AUTOS = YES_AGGRESSIVE;
				GCC_WARN_UNUSED_FUNCTION = YES;
				GCC_WARN_UNUSED_VARIABLE = YES;
				IPHONEOS_DEPLOYMENT_TARGET = 16.0;
				LOCALIZATION_PREFERS_STRING_CATALOGS = YES;
				MTL_ENABLE_DEBUG_INFO = NO;
				MTL_FAST_MATH = YES;
				SDKROOT = iphoneos;
				SWIFT_COMPILATION_MODE = wholemodule;
				VALIDATE_PRODUCT = YES;
			};
			name = Release;
		};
		594858752BDB5D6800DFE317 /* Debug */ = {
			isa = XCBuildConfiguration;
			baseConfigurationReference = BC0B01D795980D6977D60E87 /* Pods-GreenpOfferwallSample.debug.xcconfig */;
			buildSettings = {
				ASSETCATALOG_COMPILER_APPICON_NAME = AppIcon;
				ASSETCATALOG_COMPILER_GLOBAL_ACCENT_COLOR_NAME = AccentColor;
				CODE_SIGN_STYLE = Automatic;
				CURRENT_PROJECT_VERSION = 1;
				DEVELOPMENT_TEAM = L93V5H6A4M;
				FRAMEWORK_SEARCH_PATHS = (
					"$(inherited)",
					"$(PROJECT_DIR)/GreenpOfferwallSample",
				);
				GENERATE_INFOPLIST_FILE = YES;
				INFOPLIST_FILE = GreenpOfferwallSample/Info.plist;
				INFOPLIST_KEY_CFBundleDisplayName = GreenpOriginal;
				INFOPLIST_KEY_UIApplicationSupportsIndirectInputEvents = YES;
				INFOPLIST_KEY_UILaunchStoryboardName = LaunchScreen;
				INFOPLIST_KEY_UIMainStoryboardFile = Main;
				INFOPLIST_KEY_UISupportedInterfaceOrientations_iPad = "UIInterfaceOrientationPortrait UIInterfaceOrientationPortraitUpsideDown UIInterfaceOrientationLandscapeLeft UIInterfaceOrientationLandscapeRight";
				INFOPLIST_KEY_UISupportedInterfaceOrientations_iPhone = "UIInterfaceOrientationPortrait UIInterfaceOrientationLandscapeLeft UIInterfaceOrientationLandscapeRight";
				IPHONEOS_DEPLOYMENT_TARGET = 14.0;
				LD_RUNPATH_SEARCH_PATHS = (
					"$(inherited)",
					"@executable_path/Frameworks",
				);
				MARKETING_VERSION = 1.0;
				PRODUCT_BUNDLE_IDENTIFIER = adforus.GreenpOfferwallSample;
				PRODUCT_NAME = "$(TARGET_NAME)";
				SUPPORTED_PLATFORMS = "iphoneos iphonesimulator";
				SUPPORTS_MACCATALYST = NO;
				SUPPORTS_MAC_DESIGNED_FOR_IPHONE_IPAD = NO;
				SUPPORTS_XR_DESIGNED_FOR_IPHONE_IPAD = NO;
				SWIFT_EMIT_LOC_STRINGS = YES;
				SWIFT_VERSION = 5.0;
				TARGETED_DEVICE_FAMILY = "1,2";
			};
			name = Debug;
		};
		594858762BDB5D6800DFE317 /* Release */ = {
			isa = XCBuildConfiguration;
			baseConfigurationReference = 4FB22ADB07B6CB1B432F9656 /* Pods-GreenpOfferwallSample.release.xcconfig */;
			buildSettings = {
				ASSETCATALOG_COMPILER_APPICON_NAME = AppIcon;
				ASSETCATALOG_COMPILER_GLOBAL_ACCENT_COLOR_NAME = AccentColor;
				CODE_SIGN_STYLE = Automatic;
				CURRENT_PROJECT_VERSION = 1;
				DEVELOPMENT_TEAM = L93V5H6A4M;
				FRAMEWORK_SEARCH_PATHS = (
					"$(inherited)",
					"$(PROJECT_DIR)/GreenpOfferwallSample",
				);
				GENERATE_INFOPLIST_FILE = YES;
				INFOPLIST_FILE = GreenpOfferwallSample/Info.plist;
				INFOPLIST_KEY_CFBundleDisplayName = GreenpOriginal;
				INFOPLIST_KEY_UIApplicationSupportsIndirectInputEvents = YES;
				INFOPLIST_KEY_UILaunchStoryboardName = LaunchScreen;
				INFOPLIST_KEY_UIMainStoryboardFile = Main;
				INFOPLIST_KEY_UISupportedInterfaceOrientations_iPad = "UIInterfaceOrientationPortrait UIInterfaceOrientationPortraitUpsideDown UIInterfaceOrientationLandscapeLeft UIInterfaceOrientationLandscapeRight";
				INFOPLIST_KEY_UISupportedInterfaceOrientations_iPhone = "UIInterfaceOrientationPortrait UIInterfaceOrientationLandscapeLeft UIInterfaceOrientationLandscapeRight";
				IPHONEOS_DEPLOYMENT_TARGET = 14.0;
				LD_RUNPATH_SEARCH_PATHS = (
					"$(inherited)",
					"@executable_path/Frameworks",
				);
				MARKETING_VERSION = 1.0;
				OTHER_LDFLAGS = (
					"-framework",
					"\"GreenpOfferwall\"",
					"-framework",
					"\"UAdFramework\"",
				);
				PRODUCT_BUNDLE_IDENTIFIER = adforus.GreenpOfferwallSample;
				PRODUCT_NAME = "$(TARGET_NAME)";
				SUPPORTED_PLATFORMS = "iphoneos iphonesimulator";
				SUPPORTS_MACCATALYST = NO;
				SUPPORTS_MAC_DESIGNED_FOR_IPHONE_IPAD = NO;
				SUPPORTS_XR_DESIGNED_FOR_IPHONE_IPAD = NO;
				SWIFT_EMIT_LOC_STRINGS = YES;
				SWIFT_VERSION = 5.0;
				TARGETED_DEVICE_FAMILY = "1,2";
			};
			name = Release;
		};
		594858782BDB5D6800DFE317 /* Debug */ = {
			isa = XCBuildConfiguration;
			baseConfigurationReference = 6AB4500A5763170D3213737E /* Pods-GreenpOfferwallSampleTests.debug.xcconfig */;
			buildSettings = {
				ALWAYS_EMBED_SWIFT_STANDARD_LIBRARIES = YES;
				BUNDLE_LOADER = "$(TEST_HOST)";
				CODE_SIGN_STYLE = Automatic;
				CURRENT_PROJECT_VERSION = 1;
				DEVELOPMENT_TEAM = L93V5H6A4M;
				GENERATE_INFOPLIST_FILE = YES;
				IPHONEOS_DEPLOYMENT_TARGET = 17.4;
				MARKETING_VERSION = 1.0;
				PRODUCT_BUNDLE_IDENTIFIER = adforus.GreenpOfferwallSampleTests;
				PRODUCT_NAME = "$(TARGET_NAME)";
				SWIFT_EMIT_LOC_STRINGS = NO;
				SWIFT_VERSION = 5.0;
				TARGETED_DEVICE_FAMILY = "1,2";
				TEST_HOST = "$(BUILT_PRODUCTS_DIR)/GreenpOfferwallSample.app/$(BUNDLE_EXECUTABLE_FOLDER_PATH)/GreenpOfferwallSample";
			};
			name = Debug;
		};
		594858792BDB5D6800DFE317 /* Release */ = {
			isa = XCBuildConfiguration;
			baseConfigurationReference = 7E45EA36BC281C19528C17CF /* Pods-GreenpOfferwallSampleTests.release.xcconfig */;
			buildSettings = {
				ALWAYS_EMBED_SWIFT_STANDARD_LIBRARIES = YES;
				BUNDLE_LOADER = "$(TEST_HOST)";
				CODE_SIGN_STYLE = Automatic;
				CURRENT_PROJECT_VERSION = 1;
				DEVELOPMENT_TEAM = L93V5H6A4M;
				GENERATE_INFOPLIST_FILE = YES;
				IPHONEOS_DEPLOYMENT_TARGET = 17.4;
				MARKETING_VERSION = 1.0;
				PRODUCT_BUNDLE_IDENTIFIER = adforus.GreenpOfferwallSampleTests;
				PRODUCT_NAME = "$(TARGET_NAME)";
				SWIFT_EMIT_LOC_STRINGS = NO;
				SWIFT_VERSION = 5.0;
				TARGETED_DEVICE_FAMILY = "1,2";
				TEST_HOST = "$(BUILT_PRODUCTS_DIR)/GreenpOfferwallSample.app/$(BUNDLE_EXECUTABLE_FOLDER_PATH)/GreenpOfferwallSample";
			};
			name = Release;
		};
		5948587B2BDB5D6800DFE317 /* Debug */ = {
			isa = XCBuildConfiguration;
			baseConfigurationReference = 72411AB25EFD913712DAAA90 /* Pods-GreenpOfferwallSample-GreenpOfferwallSampleUITests.debug.xcconfig */;
			buildSettings = {
				ALWAYS_EMBED_SWIFT_STANDARD_LIBRARIES = YES;
				CODE_SIGN_STYLE = Automatic;
				CURRENT_PROJECT_VERSION = 1;
				DEVELOPMENT_TEAM = L93V5H6A4M;
				GENERATE_INFOPLIST_FILE = YES;
				MARKETING_VERSION = 1.0;
				PRODUCT_BUNDLE_IDENTIFIER = adforus.GreenpOfferwallSampleUITests;
				PRODUCT_NAME = "$(TARGET_NAME)";
				SWIFT_EMIT_LOC_STRINGS = NO;
				SWIFT_VERSION = 5.0;
				TARGETED_DEVICE_FAMILY = "1,2";
				TEST_TARGET_NAME = GreenpOfferwallSample;
			};
			name = Debug;
		};
		5948587C2BDB5D6800DFE317 /* Release */ = {
			isa = XCBuildConfiguration;
			baseConfigurationReference = 9FD42076D6363270133E0F8A /* Pods-GreenpOfferwallSample-GreenpOfferwallSampleUITests.release.xcconfig */;
			buildSettings = {
				ALWAYS_EMBED_SWIFT_STANDARD_LIBRARIES = YES;
				CODE_SIGN_STYLE = Automatic;
				CURRENT_PROJECT_VERSION = 1;
				DEVELOPMENT_TEAM = L93V5H6A4M;
				GENERATE_INFOPLIST_FILE = YES;
				MARKETING_VERSION = 1.0;
				PRODUCT_BUNDLE_IDENTIFIER = adforus.GreenpOfferwallSampleUITests;
				PRODUCT_NAME = "$(TARGET_NAME)";
				SWIFT_EMIT_LOC_STRINGS = NO;
				SWIFT_VERSION = 5.0;
				TARGETED_DEVICE_FAMILY = "1,2";
				TEST_TARGET_NAME = GreenpOfferwallSample;
			};
			name = Release;
		};
/* End XCBuildConfiguration section */

/* Begin XCConfigurationList section */
		594858452BDB5D6700DFE317 /* Build configuration list for PBXProject "GreenPOfferWallSample" */ = {
			isa = XCConfigurationList;
			buildConfigurations = (
				594858722BDB5D6800DFE317 /* Debug */,
				594858732BDB5D6800DFE317 /* Release */,
			);
			defaultConfigurationIsVisible = 0;
			defaultConfigurationName = Release;
		};
		594858742BDB5D6800DFE317 /* Build configuration list for PBXNativeTarget "GreenpOfferwallSample" */ = {
			isa = XCConfigurationList;
			buildConfigurations = (
				594858752BDB5D6800DFE317 /* Debug */,
				594858762BDB5D6800DFE317 /* Release */,
			);
			defaultConfigurationIsVisible = 0;
			defaultConfigurationName = Release;
		};
		594858772BDB5D6800DFE317 /* Build configuration list for PBXNativeTarget "GreenpOfferwallSampleTests" */ = {
			isa = XCConfigurationList;
			buildConfigurations = (
				594858782BDB5D6800DFE317 /* Debug */,
				594858792BDB5D6800DFE317 /* Release */,
			);
			defaultConfigurationIsVisible = 0;
			defaultConfigurationName = Release;
		};
		5948587A2BDB5D6800DFE317 /* Build configuration list for PBXNativeTarget "GreenpOfferwallSampleUITests" */ = {
			isa = XCConfigurationList;
			buildConfigurations = (
				5948587B2BDB5D6800DFE317 /* Debug */,
				5948587C2BDB5D6800DFE317 /* Release */,
			);
			defaultConfigurationIsVisible = 0;
			defaultConfigurationName = Release;
		};
/* End XCConfigurationList section */
	};
	rootObject = 594858422BDB5D6700DFE317 /* Project object */;
}
