// !$*UTF8*$!
{
	archiveVersion = 1;
	classes = {
	};
	objectVersion = 56;
	objects = {

/* Begin PBXBuildFile section */
		59D046672BD679C3004B6176 /* AppDelegate.swift in Sources */ = {isa = PBXBuildFile; fileRef = 59D046662BD679C3004B6176 /* AppDelegate.swift */; };
		59D046692BD679C3004B6176 /* SceneDelegate.swift in Sources */ = {isa = PBXBuildFile; fileRef = 59D046682BD679C3004B6176 /* SceneDelegate.swift */; };
		59D0466B2BD679C3004B6176 /* ViewController.swift in Sources */ = {isa = PBXBuildFile; fileRef = 59D0466A2BD679C3004B6176 /* ViewController.swift */; };
		59D0466E2BD679C3004B6176 /* Base in Resources */ = {isa = PBXBuildFile; fileRef = 59D0466D2BD679C3004B6176 /* Base */; };
		59D046702BD679C4004B6176 /* Assets.xcassets in Resources */ = {isa = PBXBuildFile; fileRef = 59D0466F2BD679C4004B6176 /* Assets.xcassets */; };
		59D046732BD679C4004B6176 /* Base in Resources */ = {isa = PBXBuildFile; fileRef = 59D046722BD679C4004B6176 /* Base */; };
		59D0467E2BD679C4004B6176 /* GreenPOfferWallSampleTests.swift in Sources */ = {isa = PBXBuildFile; fileRef = 59D0467D2BD679C4004B6176 /* GreenPOfferWallSampleTests.swift */; };
		59D046882BD679C4004B6176 /* GreenPOfferWallSampleUITests.swift in Sources */ = {isa = PBXBuildFile; fileRef = 59D046872BD679C4004B6176 /* GreenPOfferWallSampleUITests.swift */; };
		59D0468A2BD679C4004B6176 /* GreenPOfferWallSampleUITestsLaunchTests.swift in Sources */ = {isa = PBXBuildFile; fileRef = 59D046892BD679C4004B6176 /* GreenPOfferWallSampleUITestsLaunchTests.swift */; };
		BD03FC9D3D119D469442342D /* Pods_GreenPOfferWallSampleTests.framework in Frameworks */ = {isa = PBXBuildFile; fileRef = 30B01B74BB95C72C63308D09 /* Pods_GreenPOfferWallSampleTests.framework */; };
		F29B20AFD7593474B07F3574 /* Pods_GreenPOfferWallSample_GreenPOfferWallSampleUITests.framework in Frameworks */ = {isa = PBXBuildFile; fileRef = 112F48F0BC3BDD63AD099668 /* Pods_GreenPOfferWallSample_GreenPOfferWallSampleUITests.framework */; };
		FCA9D800B5DF882EA2FDCF0C /* Pods_GreenPOfferWallSample.framework in Frameworks */ = {isa = PBXBuildFile; fileRef = E9E10F3A6B82FFB69AA1AE69 /* Pods_GreenPOfferWallSample.framework */; };
/* End PBXBuildFile section */

/* Begin PBXContainerItemProxy section */
		59D0467A2BD679C4004B6176 /* PBXContainerItemProxy */ = {
			isa = PBXContainerItemProxy;
			containerPortal = 59D0465B2BD679C3004B6176 /* Project object */;
			proxyType = 1;
			remoteGlobalIDString = 59D046622BD679C3004B6176;
			remoteInfo = GreenPOfferWallSample;
		};
		59D046842BD679C4004B6176 /* PBXContainerItemProxy */ = {
			isa = PBXContainerItemProxy;
			containerPortal = 59D0465B2BD679C3004B6176 /* Project object */;
			proxyType = 1;
			remoteGlobalIDString = 59D046622BD679C3004B6176;
			remoteInfo = GreenPOfferWallSample;
		};
/* End PBXContainerItemProxy section */

/* Begin PBXFileReference section */
		09A076F89F93FE29CA046B3F /* Pods-GreenPOfferWallSample.release.xcconfig */ = {isa = PBXFileReference; includeInIndex = 1; lastKnownFileType = text.xcconfig; name = "Pods-GreenPOfferWallSample.release.xcconfig"; path = "Target Support Files/Pods-GreenPOfferWallSample/Pods-GreenPOfferWallSample.release.xcconfig"; sourceTree = "<group>"; };
		112F48F0BC3BDD63AD099668 /* Pods_GreenPOfferWallSample_GreenPOfferWallSampleUITests.framework */ = {isa = PBXFileReference; explicitFileType = wrapper.framework; includeInIndex = 0; path = Pods_GreenPOfferWallSample_GreenPOfferWallSampleUITests.framework; sourceTree = BUILT_PRODUCTS_DIR; };
		2767A0392924B086D550A86C /* Pods-GreenPOfferWallSample-GreenPOfferWallSampleUITests.debug.xcconfig */ = {isa = PBXFileReference; includeInIndex = 1; lastKnownFileType = text.xcconfig; name = "Pods-GreenPOfferWallSample-GreenPOfferWallSampleUITests.debug.xcconfig"; path = "Target Support Files/Pods-GreenPOfferWallSample-GreenPOfferWallSampleUITests/Pods-GreenPOfferWallSample-GreenPOfferWallSampleUITests.debug.xcconfig"; sourceTree = "<group>"; };
		30B01B74BB95C72C63308D09 /* Pods_GreenPOfferWallSampleTests.framework */ = {isa = PBXFileReference; explicitFileType = wrapper.framework; includeInIndex = 0; path = Pods_GreenPOfferWallSampleTests.framework; sourceTree = BUILT_PRODUCTS_DIR; };
		33114510C57833E3D2D38D7C /* Pods-GreenPOfferWallSample-GreenPOfferWallSampleUITests.release.xcconfig */ = {isa = PBXFileReference; includeInIndex = 1; lastKnownFileType = text.xcconfig; name = "Pods-GreenPOfferWallSample-GreenPOfferWallSampleUITests.release.xcconfig"; path = "Target Support Files/Pods-GreenPOfferWallSample-GreenPOfferWallSampleUITests/Pods-GreenPOfferWallSample-GreenPOfferWallSampleUITests.release.xcconfig"; sourceTree = "<group>"; };
		59D046632BD679C3004B6176 /* GreenPOfferWallSample.app */ = {isa = PBXFileReference; explicitFileType = wrapper.application; includeInIndex = 0; path = GreenPOfferWallSample.app; sourceTree = BUILT_PRODUCTS_DIR; };
		59D046662BD679C3004B6176 /* AppDelegate.swift */ = {isa = PBXFileReference; lastKnownFileType = sourcecode.swift; path = AppDelegate.swift; sourceTree = "<group>"; };
		59D046682BD679C3004B6176 /* SceneDelegate.swift */ = {isa = PBXFileReference; lastKnownFileType = sourcecode.swift; path = SceneDelegate.swift; sourceTree = "<group>"; };
		59D0466A2BD679C3004B6176 /* ViewController.swift */ = {isa = PBXFileReference; lastKnownFileType = sourcecode.swift; path = ViewController.swift; sourceTree = "<group>"; };
		59D0466D2BD679C3004B6176 /* Base */ = {isa = PBXFileReference; lastKnownFileType = file.storyboard; name = Base; path = Base.lproj/Main.storyboard; sourceTree = "<group>"; };
		59D0466F2BD679C4004B6176 /* Assets.xcassets */ = {isa = PBXFileReference; lastKnownFileType = folder.assetcatalog; path = Assets.xcassets; sourceTree = "<group>"; };
		59D046722BD679C4004B6176 /* Base */ = {isa = PBXFileReference; lastKnownFileType = file.storyboard; name = Base; path = Base.lproj/LaunchScreen.storyboard; sourceTree = "<group>"; };
		59D046742BD679C4004B6176 /* Info.plist */ = {isa = PBXFileReference; lastKnownFileType = text.plist.xml; path = Info.plist; sourceTree = "<group>"; };
		59D046792BD679C4004B6176 /* GreenPOfferWallSampleTests.xctest */ = {isa = PBXFileReference; explicitFileType = wrapper.cfbundle; includeInIndex = 0; path = GreenPOfferWallSampleTests.xctest; sourceTree = BUILT_PRODUCTS_DIR; };
		59D0467D2BD679C4004B6176 /* GreenPOfferWallSampleTests.swift */ = {isa = PBXFileReference; lastKnownFileType = sourcecode.swift; path = GreenPOfferWallSampleTests.swift; sourceTree = "<group>"; };
		59D046832BD679C4004B6176 /* GreenPOfferWallSampleUITests.xctest */ = {isa = PBXFileReference; explicitFileType = wrapper.cfbundle; includeInIndex = 0; path = GreenPOfferWallSampleUITests.xctest; sourceTree = BUILT_PRODUCTS_DIR; };
		59D046872BD679C4004B6176 /* GreenPOfferWallSampleUITests.swift */ = {isa = PBXFileReference; lastKnownFileType = sourcecode.swift; path = GreenPOfferWallSampleUITests.swift; sourceTree = "<group>"; };
		59D046892BD679C4004B6176 /* GreenPOfferWallSampleUITestsLaunchTests.swift */ = {isa = PBXFileReference; lastKnownFileType = sourcecode.swift; path = GreenPOfferWallSampleUITestsLaunchTests.swift; sourceTree = "<group>"; };
		8AC64B58C4D79B4252107025 /* Pods-GreenPOfferWallSample.debug.xcconfig */ = {isa = PBXFileReference; includeInIndex = 1; lastKnownFileType = text.xcconfig; name = "Pods-GreenPOfferWallSample.debug.xcconfig"; path = "Target Support Files/Pods-GreenPOfferWallSample/Pods-GreenPOfferWallSample.debug.xcconfig"; sourceTree = "<group>"; };
		B85313A57682B253D395F4D0 /* Pods-GreenPOfferWallSampleTests.debug.xcconfig */ = {isa = PBXFileReference; includeInIndex = 1; lastKnownFileType = text.xcconfig; name = "Pods-GreenPOfferWallSampleTests.debug.xcconfig"; path = "Target Support Files/Pods-GreenPOfferWallSampleTests/Pods-GreenPOfferWallSampleTests.debug.xcconfig"; sourceTree = "<group>"; };
		D7492D439A6D3B5707BAB84D /* Pods-GreenPOfferWallSampleTests.release.xcconfig */ = {isa = PBXFileReference; includeInIndex = 1; lastKnownFileType = text.xcconfig; name = "Pods-GreenPOfferWallSampleTests.release.xcconfig"; path = "Target Support Files/Pods-GreenPOfferWallSampleTests/Pods-GreenPOfferWallSampleTests.release.xcconfig"; sourceTree = "<group>"; };
		E9E10F3A6B82FFB69AA1AE69 /* Pods_GreenPOfferWallSample.framework */ = {isa = PBXFileReference; explicitFileType = wrapper.framework; includeInIndex = 0; path = Pods_GreenPOfferWallSample.framework; sourceTree = BUILT_PRODUCTS_DIR; };
/* End PBXFileReference section */

/* Begin PBXFrameworksBuildPhase section */
		59D046602BD679C3004B6176 /* Frameworks */ = {
			isa = PBXFrameworksBuildPhase;
			buildActionMask = 2147483647;
			files = (
				FCA9D800B5DF882EA2FDCF0C /* Pods_GreenPOfferWallSample.framework in Frameworks */,
			);
			runOnlyForDeploymentPostprocessing = 0;
		};
		59D046762BD679C4004B6176 /* Frameworks */ = {
			isa = PBXFrameworksBuildPhase;
			buildActionMask = 2147483647;
			files = (
				BD03FC9D3D119D469442342D /* Pods_GreenPOfferWallSampleTests.framework in Frameworks */,
			);
			runOnlyForDeploymentPostprocessing = 0;
		};
		59D046802BD679C4004B6176 /* Frameworks */ = {
			isa = PBXFrameworksBuildPhase;
			buildActionMask = 2147483647;
			files = (
				F29B20AFD7593474B07F3574 /* Pods_GreenPOfferWallSample_GreenPOfferWallSampleUITests.framework in Frameworks */,
			);
			runOnlyForDeploymentPostprocessing = 0;
		};
/* End PBXFrameworksBuildPhase section */

/* Begin PBXGroup section */
		59D0465A2BD679C3004B6176 = {
			isa = PBXGroup;
			children = (
				59D046652BD679C3004B6176 /* GreenPOfferWallSample */,
				59D0467C2BD679C4004B6176 /* GreenPOfferWallSampleTests */,
				59D046862BD679C4004B6176 /* GreenPOfferWallSampleUITests */,
				59D046642BD679C3004B6176 /* Products */,
				AEEB6D8679A3CB5F11300708 /* Pods */,
				AD7ACEAA9A70A686576F7C04 /* Frameworks */,
			);
			sourceTree = "<group>";
		};
		59D046642BD679C3004B6176 /* Products */ = {
			isa = PBXGroup;
			children = (
				59D046632BD679C3004B6176 /* GreenPOfferWallSample.app */,
				59D046792BD679C4004B6176 /* GreenPOfferWallSampleTests.xctest */,
				59D046832BD679C4004B6176 /* GreenPOfferWallSampleUITests.xctest */,
			);
			name = Products;
			sourceTree = "<group>";
		};
		59D046652BD679C3004B6176 /* GreenPOfferWallSample */ = {
			isa = PBXGroup;
			children = (
				59D046662BD679C3004B6176 /* AppDelegate.swift */,
				59D046682BD679C3004B6176 /* SceneDelegate.swift */,
				59D0466A2BD679C3004B6176 /* ViewController.swift */,
				59D0466C2BD679C3004B6176 /* Main.storyboard */,
				59D0466F2BD679C4004B6176 /* Assets.xcassets */,
				59D046712BD679C4004B6176 /* LaunchScreen.storyboard */,
				59D046742BD679C4004B6176 /* Info.plist */,
			);
			path = GreenPOfferWallSample;
			sourceTree = "<group>";
		};
		59D0467C2BD679C4004B6176 /* GreenPOfferWallSampleTests */ = {
			isa = PBXGroup;
			children = (
				59D0467D2BD679C4004B6176 /* GreenPOfferWallSampleTests.swift */,
			);
			path = GreenPOfferWallSampleTests;
			sourceTree = "<group>";
		};
		59D046862BD679C4004B6176 /* GreenPOfferWallSampleUITests */ = {
			isa = PBXGroup;
			children = (
				59D046872BD679C4004B6176 /* GreenPOfferWallSampleUITests.swift */,
				59D046892BD679C4004B6176 /* GreenPOfferWallSampleUITestsLaunchTests.swift */,
			);
			path = GreenPOfferWallSampleUITests;
			sourceTree = "<group>";
		};
		AD7ACEAA9A70A686576F7C04 /* Frameworks */ = {
			isa = PBXGroup;
			children = (
				E9E10F3A6B82FFB69AA1AE69 /* Pods_GreenPOfferWallSample.framework */,
				112F48F0BC3BDD63AD099668 /* Pods_GreenPOfferWallSample_GreenPOfferWallSampleUITests.framework */,
				30B01B74BB95C72C63308D09 /* Pods_GreenPOfferWallSampleTests.framework */,
			);
			name = Frameworks;
			sourceTree = "<group>";
		};
		AEEB6D8679A3CB5F11300708 /* Pods */ = {
			isa = PBXGroup;
			children = (
				8AC64B58C4D79B4252107025 /* Pods-GreenPOfferWallSample.debug.xcconfig */,
				09A076F89F93FE29CA046B3F /* Pods-GreenPOfferWallSample.release.xcconfig */,
				2767A0392924B086D550A86C /* Pods-GreenPOfferWallSample-GreenPOfferWallSampleUITests.debug.xcconfig */,
				33114510C57833E3D2D38D7C /* Pods-GreenPOfferWallSample-GreenPOfferWallSampleUITests.release.xcconfig */,
				B85313A57682B253D395F4D0 /* Pods-GreenPOfferWallSampleTests.debug.xcconfig */,
				D7492D439A6D3B5707BAB84D /* Pods-GreenPOfferWallSampleTests.release.xcconfig */,
			);
			path = Pods;
			sourceTree = "<group>";
		};
/* End PBXGroup section */

/* Begin PBXNativeTarget section */
		59D046622BD679C3004B6176 /* GreenPOfferWallSample */ = {
			isa = PBXNativeTarget;
			buildConfigurationList = 59D0468D2BD679C4004B6176 /* Build configuration list for PBXNativeTarget "GreenPOfferWallSample" */;
			buildPhases = (
				FBE2B4E585E737D16AE28C24 /* [CP] Check Pods Manifest.lock */,
				59D0465F2BD679C3004B6176 /* Sources */,
				59D046602BD679C3004B6176 /* Frameworks */,
				59D046612BD679C3004B6176 /* Resources */,
				56DEACB9402B2F40766CA1AA /* [CP] Embed Pods Frameworks */,
			);
			buildRules = (
			);
			dependencies = (
			);
			name = GreenPOfferWallSample;
			productName = GreenPOfferWallSample;
			productReference = 59D046632BD679C3004B6176 /* GreenPOfferWallSample.app */;
			productType = "com.apple.product-type.application";
		};
		59D046782BD679C4004B6176 /* GreenPOfferWallSampleTests */ = {
			isa = PBXNativeTarget;
			buildConfigurationList = 59D046902BD679C4004B6176 /* Build configuration list for PBXNativeTarget "GreenPOfferWallSampleTests" */;
			buildPhases = (
				DA522F9B3EAB259B99FA8480 /* [CP] Check Pods Manifest.lock */,
				59D046752BD679C4004B6176 /* Sources */,
				59D046762BD679C4004B6176 /* Frameworks */,
				59D046772BD679C4004B6176 /* Resources */,
			);
			buildRules = (
			);
			dependencies = (
				59D0467B2BD679C4004B6176 /* PBXTargetDependency */,
			);
			name = GreenPOfferWallSampleTests;
			productName = GreenPOfferWallSampleTests;
			productReference = 59D046792BD679C4004B6176 /* GreenPOfferWallSampleTests.xctest */;
			productType = "com.apple.product-type.bundle.unit-test";
		};
		59D046822BD679C4004B6176 /* GreenPOfferWallSampleUITests */ = {
			isa = PBXNativeTarget;
			buildConfigurationList = 59D046932BD679C4004B6176 /* Build configuration list for PBXNativeTarget "GreenPOfferWallSampleUITests" */;
			buildPhases = (
				6B3E359AEFC785D8A71E45B4 /* [CP] Check Pods Manifest.lock */,
				59D0467F2BD679C4004B6176 /* Sources */,
				59D046802BD679C4004B6176 /* Frameworks */,
				59D046812BD679C4004B6176 /* Resources */,
				423C356976426C7468E094E2 /* [CP] Embed Pods Frameworks */,
			);
			buildRules = (
			);
			dependencies = (
				59D046852BD679C4004B6176 /* PBXTargetDependency */,
			);
			name = GreenPOfferWallSampleUITests;
			productName = GreenPOfferWallSampleUITests;
			productReference = 59D046832BD679C4004B6176 /* GreenPOfferWallSampleUITests.xctest */;
			productType = "com.apple.product-type.bundle.ui-testing";
		};
/* End PBXNativeTarget section */

/* Begin PBXProject section */
		59D0465B2BD679C3004B6176 /* Project object */ = {
			isa = PBXProject;
			attributes = {
				BuildIndependentTargetsInParallel = 1;
				LastSwiftUpdateCheck = 1530;
				LastUpgradeCheck = 1530;
				TargetAttributes = {
					59D046622BD679C3004B6176 = {
						CreatedOnToolsVersion = 15.3;
					};
					59D046782BD679C4004B6176 = {
						CreatedOnToolsVersion = 15.3;
						TestTargetID = 59D046622BD679C3004B6176;
					};
					59D046822BD679C4004B6176 = {
						CreatedOnToolsVersion = 15.3;
						TestTargetID = 59D046622BD679C3004B6176;
					};
				};
			};
			buildConfigurationList = 59D0465E2BD679C3004B6176 /* Build configuration list for PBXProject "GreenPOfferWallSample" */;
			compatibilityVersion = "Xcode 14.0";
			developmentRegion = en;
			hasScannedForEncodings = 0;
			knownRegions = (
				en,
				Base,
			);
			mainGroup = 59D0465A2BD679C3004B6176;
			productRefGroup = 59D046642BD679C3004B6176 /* Products */;
			projectDirPath = "";
			projectRoot = "";
			targets = (
				59D046622BD679C3004B6176 /* GreenPOfferWallSample */,
				59D046782BD679C4004B6176 /* GreenPOfferWallSampleTests */,
				59D046822BD679C4004B6176 /* GreenPOfferWallSampleUITests */,
			);
		};
/* End PBXProject section */

/* Begin PBXResourcesBuildPhase section */
		59D046612BD679C3004B6176 /* Resources */ = {
			isa = PBXResourcesBuildPhase;
			buildActionMask = 2147483647;
			files = (
				59D046702BD679C4004B6176 /* Assets.xcassets in Resources */,
				59D046732BD679C4004B6176 /* Base in Resources */,
				59D0466E2BD679C3004B6176 /* Base in Resources */,
			);
			runOnlyForDeploymentPostprocessing = 0;
		};
		59D046772BD679C4004B6176 /* Resources */ = {
			isa = PBXResourcesBuildPhase;
			buildActionMask = 2147483647;
			files = (
			);
			runOnlyForDeploymentPostprocessing = 0;
		};
		59D046812BD679C4004B6176 /* Resources */ = {
			isa = PBXResourcesBuildPhase;
			buildActionMask = 2147483647;
			files = (
			);
			runOnlyForDeploymentPostprocessing = 0;
		};
/* End PBXResourcesBuildPhase section */

/* Begin PBXShellScriptBuildPhase section */
		423C356976426C7468E094E2 /* [CP] Embed Pods Frameworks */ = {
			isa = PBXShellScriptBuildPhase;
			buildActionMask = 2147483647;
			files = (
			);
			inputFileListPaths = (
				"${PODS_ROOT}/Target Support Files/Pods-GreenPOfferWallSample-GreenPOfferWallSampleUITests/Pods-GreenPOfferWallSample-GreenPOfferWallSampleUITests-frameworks-${CONFIGURATION}-input-files.xcfilelist",
			);
			name = "[CP] Embed Pods Frameworks";
			outputFileListPaths = (
				"${PODS_ROOT}/Target Support Files/Pods-GreenPOfferWallSample-GreenPOfferWallSampleUITests/Pods-GreenPOfferWallSample-GreenPOfferWallSampleUITests-frameworks-${CONFIGURATION}-output-files.xcfilelist",
			);
			runOnlyForDeploymentPostprocessing = 0;
			shellPath = /bin/sh;
			shellScript = "\"${PODS_ROOT}/Target Support Files/Pods-GreenPOfferWallSample-GreenPOfferWallSampleUITests/Pods-GreenPOfferWallSample-GreenPOfferWallSampleUITests-frameworks.sh\"\n";
			showEnvVarsInLog = 0;
		};
		56DEACB9402B2F40766CA1AA /* [CP] Embed Pods Frameworks */ = {
			isa = PBXShellScriptBuildPhase;
			buildActionMask = 2147483647;
			files = (
			);
			inputFileListPaths = (
				"${PODS_ROOT}/Target Support Files/Pods-GreenPOfferWallSample/Pods-GreenPOfferWallSample-frameworks-${CONFIGURATION}-input-files.xcfilelist",
			);
			name = "[CP] Embed Pods Frameworks";
			outputFileListPaths = (
				"${PODS_ROOT}/Target Support Files/Pods-GreenPOfferWallSample/Pods-GreenPOfferWallSample-frameworks-${CONFIGURATION}-output-files.xcfilelist",
			);
			runOnlyForDeploymentPostprocessing = 0;
			shellPath = /bin/sh;
			shellScript = "\"${PODS_ROOT}/Target Support Files/Pods-GreenPOfferWallSample/Pods-GreenPOfferWallSample-frameworks.sh\"\n";
			showEnvVarsInLog = 0;
		};
		6B3E359AEFC785D8A71E45B4 /* [CP] Check Pods Manifest.lock */ = {
			isa = PBXShellScriptBuildPhase;
			buildActionMask = 2147483647;
			files = (
			);
			inputFileListPaths = (
			);
			inputPaths = (
				"${PODS_PODFILE_DIR_PATH}/Podfile.lock",
				"${PODS_ROOT}/Manifest.lock",
			);
			name = "[CP] Check Pods Manifest.lock";
			outputFileListPaths = (
			);
			outputPaths = (
				"$(DERIVED_FILE_DIR)/Pods-GreenPOfferWallSample-GreenPOfferWallSampleUITests-checkManifestLockResult.txt",
			);
			runOnlyForDeploymentPostprocessing = 0;
			shellPath = /bin/sh;
			shellScript = "diff \"${PODS_PODFILE_DIR_PATH}/Podfile.lock\" \"${PODS_ROOT}/Manifest.lock\" > /dev/null\nif [ $? != 0 ] ; then\n    # print error to STDERR\n    echo \"error: The sandbox is not in sync with the Podfile.lock. Run 'pod install' or update your CocoaPods installation.\" >&2\n    exit 1\nfi\n# This output is used by Xcode 'outputs' to avoid re-running this script phase.\necho \"SUCCESS\" > \"${SCRIPT_OUTPUT_FILE_0}\"\n";
			showEnvVarsInLog = 0;
		};
		DA522F9B3EAB259B99FA8480 /* [CP] Check Pods Manifest.lock */ = {
			isa = PBXShellScriptBuildPhase;
			buildActionMask = 2147483647;
			files = (
			);
			inputFileListPaths = (
			);
			inputPaths = (
				"${PODS_PODFILE_DIR_PATH}/Podfile.lock",
				"${PODS_ROOT}/Manifest.lock",
			);
			name = "[CP] Check Pods Manifest.lock";
			outputFileListPaths = (
			);
			outputPaths = (
				"$(DERIVED_FILE_DIR)/Pods-GreenPOfferWallSampleTests-checkManifestLockResult.txt",
			);
			runOnlyForDeploymentPostprocessing = 0;
			shellPath = /bin/sh;
			shellScript = "diff \"${PODS_PODFILE_DIR_PATH}/Podfile.lock\" \"${PODS_ROOT}/Manifest.lock\" > /dev/null\nif [ $? != 0 ] ; then\n    # print error to STDERR\n    echo \"error: The sandbox is not in sync with the Podfile.lock. Run 'pod install' or update your CocoaPods installation.\" >&2\n    exit 1\nfi\n# This output is used by Xcode 'outputs' to avoid re-running this script phase.\necho \"SUCCESS\" > \"${SCRIPT_OUTPUT_FILE_0}\"\n";
			showEnvVarsInLog = 0;
		};
		FBE2B4E585E737D16AE28C24 /* [CP] Check Pods Manifest.lock */ = {
			isa = PBXShellScriptBuildPhase;
			buildActionMask = 2147483647;
			files = (
			);
			inputFileListPaths = (
			);
			inputPaths = (
				"${PODS_PODFILE_DIR_PATH}/Podfile.lock",
				"${PODS_ROOT}/Manifest.lock",
			);
			name = "[CP] Check Pods Manifest.lock";
			outputFileListPaths = (
			);
			outputPaths = (
				"$(DERIVED_FILE_DIR)/Pods-GreenPOfferWallSample-checkManifestLockResult.txt",
			);
			runOnlyForDeploymentPostprocessing = 0;
			shellPath = /bin/sh;
			shellScript = "diff \"${PODS_PODFILE_DIR_PATH}/Podfile.lock\" \"${PODS_ROOT}/Manifest.lock\" > /dev/null\nif [ $? != 0 ] ; then\n    # print error to STDERR\n    echo \"error: The sandbox is not in sync with the Podfile.lock. Run 'pod install' or update your CocoaPods installation.\" >&2\n    exit 1\nfi\n# This output is used by Xcode 'outputs' to avoid re-running this script phase.\necho \"SUCCESS\" > \"${SCRIPT_OUTPUT_FILE_0}\"\n";
			showEnvVarsInLog = 0;
		};
/* End PBXShellScriptBuildPhase section */

/* Begin PBXSourcesBuildPhase section */
		59D0465F2BD679C3004B6176 /* Sources */ = {
			isa = PBXSourcesBuildPhase;
			buildActionMask = 2147483647;
			files = (
				59D0466B2BD679C3004B6176 /* ViewController.swift in Sources */,
				59D046672BD679C3004B6176 /* AppDelegate.swift in Sources */,
				59D046692BD679C3004B6176 /* SceneDelegate.swift in Sources */,
			);
			runOnlyForDeploymentPostprocessing = 0;
		};
		59D046752BD679C4004B6176 /* Sources */ = {
			isa = PBXSourcesBuildPhase;
			buildActionMask = 2147483647;
			files = (
				59D0467E2BD679C4004B6176 /* GreenPOfferWallSampleTests.swift in Sources */,
			);
			runOnlyForDeploymentPostprocessing = 0;
		};
		59D0467F2BD679C4004B6176 /* Sources */ = {
			isa = PBXSourcesBuildPhase;
			buildActionMask = 2147483647;
			files = (
				59D0468A2BD679C4004B6176 /* GreenPOfferWallSampleUITestsLaunchTests.swift in Sources */,
				59D046882BD679C4004B6176 /* GreenPOfferWallSampleUITests.swift in Sources */,
			);
			runOnlyForDeploymentPostprocessing = 0;
		};
/* End PBXSourcesBuildPhase section */

/* Begin PBXTargetDependency section */
		59D0467B2BD679C4004B6176 /* PBXTargetDependency */ = {
			isa = PBXTargetDependency;
			target = 59D046622BD679C3004B6176 /* GreenPOfferWallSample */;
			targetProxy = 59D0467A2BD679C4004B6176 /* PBXContainerItemProxy */;
		};
		59D046852BD679C4004B6176 /* PBXTargetDependency */ = {
			isa = PBXTargetDependency;
			target = 59D046622BD679C3004B6176 /* GreenPOfferWallSample */;
			targetProxy = 59D046842BD679C4004B6176 /* PBXContainerItemProxy */;
		};
/* End PBXTargetDependency section */

/* Begin PBXVariantGroup section */
		59D0466C2BD679C3004B6176 /* Main.storyboard */ = {
			isa = PBXVariantGroup;
			children = (
				59D0466D2BD679C3004B6176 /* Base */,
			);
			name = Main.storyboard;
			sourceTree = "<group>";
		};
		59D046712BD679C4004B6176 /* LaunchScreen.storyboard */ = {
			isa = PBXVariantGroup;
			children = (
				59D046722BD679C4004B6176 /* Base */,
			);
			name = LaunchScreen.storyboard;
			sourceTree = "<group>";
		};
/* End PBXVariantGroup section */

/* Begin XCBuildConfiguration section */
		59D0468B2BD679C4004B6176 /* Debug */ = {
			isa = XCBuildConfiguration;
			buildSettings = {
				ALWAYS_SEARCH_USER_PATHS = NO;
				ASSETCATALOG_COMPILER_GENERATE_SWIFT_ASSET_SYMBOL_EXTENSIONS = YES;
				CLANG_ANALYZER_NONNULL = YES;
				CLANG_ANALYZER_NUMBER_OBJECT_CONVERSION = YES_AGGRESSIVE;
				CLANG_CXX_LANGUAGE_STANDARD = "gnu++20";
				CLANG_ENABLE_MODULES = YES;
				CLANG_ENABLE_OBJC_ARC = YES;
				CLANG_ENABLE_OBJC_WEAK = YES;
				CLANG_WARN_BLOCK_CAPTURE_AUTORELEASING = YES;
				CLANG_WARN_BOOL_CONVERSION = YES;
				CLANG_WARN_COMMA = YES;
				CLANG_WARN_CONSTANT_CONVERSION = YES;
				CLANG_WARN_DEPRECATED_OBJC_IMPLEMENTATIONS = YES;
				CLANG_WARN_DIRECT_OBJC_ISA_USAGE = YES_ERROR;
				CLANG_WARN_DOCUMENTATION_COMMENTS = YES;
				CLANG_WARN_EMPTY_BODY = YES;
				CLANG_WARN_ENUM_CONVERSION = YES;
				CLANG_WARN_INFINITE_RECURSION = YES;
				CLANG_WARN_INT_CONVERSION = YES;
				CLANG_WARN_NON_LITERAL_NULL_CONVERSION = YES;
				CLANG_WARN_OBJC_IMPLICIT_RETAIN_SELF = YES;
				CLANG_WARN_OBJC_LITERAL_CONVERSION = YES;
				CLANG_WARN_OBJC_ROOT_CLASS = YES_ERROR;
				CLANG_WARN_QUOTED_INCLUDE_IN_FRAMEWORK_HEADER = YES;
				CLANG_WARN_RANGE_LOOP_ANALYSIS = YES;
				CLANG_WARN_STRICT_PROTOTYPES = YES;
				CLANG_WARN_SUSPICIOUS_MOVE = YES;
				CLANG_WARN_UNGUARDED_AVAILABILITY = YES_AGGRESSIVE;
				CLANG_WARN_UNREACHABLE_CODE = YES;
				CLANG_WARN__DUPLICATE_METHOD_MATCH = YES;
				COPY_PHASE_STRIP = NO;
				DEBUG_INFORMATION_FORMAT = dwarf;
				ENABLE_STRICT_OBJC_MSGSEND = YES;
				ENABLE_TESTABILITY = YES;
				ENABLE_USER_SCRIPT_SANDBOXING = YES;
				GCC_C_LANGUAGE_STANDARD = gnu17;
				GCC_DYNAMIC_NO_PIC = NO;
				GCC_NO_COMMON_BLOCKS = YES;
				GCC_OPTIMIZATION_LEVEL = 0;
				GCC_PREPROCESSOR_DEFINITIONS = (
					"DEBUG=1",
					"$(inherited)",
				);
				GCC_WARN_64_TO_32_BIT_CONVERSION = YES;
				GCC_WARN_ABOUT_RETURN_TYPE = YES_ERROR;
				GCC_WARN_UNDECLARED_SELECTOR = YES;
				GCC_WARN_UNINITIALIZED_AUTOS = YES_AGGRESSIVE;
				GCC_WARN_UNUSED_FUNCTION = YES;
				GCC_WARN_UNUSED_VARIABLE = YES;
				IPHONEOS_DEPLOYMENT_TARGET = 17.4;
				LOCALIZATION_PREFERS_STRING_CATALOGS = YES;
				MTL_ENABLE_DEBUG_INFO = INCLUDE_SOURCE;
				MTL_FAST_MATH = YES;
				ONLY_ACTIVE_ARCH = YES;
				SDKROOT = iphoneos;
				SWIFT_ACTIVE_COMPILATION_CONDITIONS = "DEBUG $(inherited)";
				SWIFT_OPTIMIZATION_LEVEL = "-Onone";
			};
			name = Debug;
		};
		59D0468C2BD679C4004B6176 /* Release */ = {
			isa = XCBuildConfiguration;
			buildSettings = {
				ALWAYS_SEARCH_USER_PATHS = NO;
				ASSETCATALOG_COMPILER_GENERATE_SWIFT_ASSET_SYMBOL_EXTENSIONS = YES;
				CLANG_ANALYZER_NONNULL = YES;
				CLANG_ANALYZER_NUMBER_OBJECT_CONVERSION = YES_AGGRESSIVE;
				CLANG_CXX_LANGUAGE_STANDARD = "gnu++20";
				CLANG_ENABLE_MODULES = YES;
				CLANG_ENABLE_OBJC_ARC = YES;
				CLANG_ENABLE_OBJC_WEAK = YES;
				CLANG_WARN_BLOCK_CAPTURE_AUTORELEASING = YES;
				CLANG_WARN_BOOL_CONVERSION = YES;
				CLANG_WARN_COMMA = YES;
				CLANG_WARN_CONSTANT_CONVERSION = YES;
				CLANG_WARN_DEPRECATED_OBJC_IMPLEMENTATIONS = YES;
				CLANG_WARN_DIRECT_OBJC_ISA_USAGE = YES_ERROR;
				CLANG_WARN_DOCUMENTATION_COMMENTS = YES;
				CLANG_WARN_EMPTY_BODY = YES;
				CLANG_WARN_ENUM_CONVERSION = YES;
				CLANG_WARN_INFINITE_RECURSION = YES;
				CLANG_WARN_INT_CONVERSION = YES;
				CLANG_WARN_NON_LITERAL_NULL_CONVERSION = YES;
				CLANG_WARN_OBJC_IMPLICIT_RETAIN_SELF = YES;
				CLANG_WARN_OBJC_LITERAL_CONVERSION = YES;
				CLANG_WARN_OBJC_ROOT_CLASS = YES_ERROR;
				CLANG_WARN_QUOTED_INCLUDE_IN_FRAMEWORK_HEADER = YES;
				CLANG_WARN_RANGE_LOOP_ANALYSIS = YES;
				CLANG_WARN_STRICT_PROTOTYPES = YES;
				CLANG_WARN_SUSPICIOUS_MOVE = YES;
				CLANG_WARN_UNGUARDED_AVAILABILITY = YES_AGGRESSIVE;
				CLANG_WARN_UNREACHABLE_CODE = YES;
				CLANG_WARN__DUPLICATE_METHOD_MATCH = YES;
				COPY_PHASE_STRIP = NO;
				DEBUG_INFORMATION_FORMAT = "dwarf-with-dsym";
				ENABLE_NS_ASSERTIONS = NO;
				ENABLE_STRICT_OBJC_MSGSEND = YES;
				ENABLE_USER_SCRIPT_SANDBOXING = YES;
				GCC_C_LANGUAGE_STANDARD = gnu17;
				GCC_NO_COMMON_BLOCKS = YES;
				GCC_WARN_64_TO_32_BIT_CONVERSION = YES;
				GCC_WARN_ABOUT_RETURN_TYPE = YES_ERROR;
				GCC_WARN_UNDECLARED_SELECTOR = YES;
				GCC_WARN_UNINITIALIZED_AUTOS = YES_AGGRESSIVE;
				GCC_WARN_UNUSED_FUNCTION = YES;
				GCC_WARN_UNUSED_VARIABLE = YES;
				IPHONEOS_DEPLOYMENT_TARGET = 17.4;
				LOCALIZATION_PREFERS_STRING_CATALOGS = YES;
				MTL_ENABLE_DEBUG_INFO = NO;
				MTL_FAST_MATH = YES;
				SDKROOT = iphoneos;
				SWIFT_COMPILATION_MODE = wholemodule;
				VALIDATE_PRODUCT = YES;
			};
			name = Release;
		};
		59D0468E2BD679C4004B6176 /* Debug */ = {
			isa = XCBuildConfiguration;
			baseConfigurationReference = 8AC64B58C4D79B4252107025 /* Pods-GreenPOfferWallSample.debug.xcconfig */;
			buildSettings = {
				ASSETCATALOG_COMPILER_APPICON_NAME = AppIcon;
				ASSETCATALOG_COMPILER_GLOBAL_ACCENT_COLOR_NAME = AccentColor;
				CODE_SIGN_STYLE = Automatic;
				CURRENT_PROJECT_VERSION = 1;
				DEVELOPMENT_TEAM = L93V5H6A4M;
				ENABLE_USER_SCRIPT_SANDBOXING = NO;
				GENERATE_INFOPLIST_FILE = YES;
				INFOPLIST_FILE = GreenPOfferWallSample/Info.plist;
				INFOPLIST_KEY_UIApplicationSupportsIndirectInputEvents = YES;
				INFOPLIST_KEY_UILaunchStoryboardName = LaunchScreen;
				INFOPLIST_KEY_UIMainStoryboardFile = Main;
				INFOPLIST_KEY_UISupportedInterfaceOrientations_iPad = "UIInterfaceOrientationPortrait UIInterfaceOrientationPortraitUpsideDown UIInterfaceOrientationLandscapeLeft UIInterfaceOrientationLandscapeRight";
				INFOPLIST_KEY_UISupportedInterfaceOrientations_iPhone = "UIInterfaceOrientationPortrait UIInterfaceOrientationLandscapeLeft UIInterfaceOrientationLandscapeRight";
				LD_RUNPATH_SEARCH_PATHS = (
					"$(inherited)",
					"@executable_path/Frameworks",
				);
				MARKETING_VERSION = 1.0;
				PRODUCT_BUNDLE_IDENTIFIER = adforus.GreenPOfferWallSample;
				PRODUCT_NAME = "$(TARGET_NAME)";
				SWIFT_EMIT_LOC_STRINGS = YES;
				SWIFT_VERSION = 5.0;
				TARGETED_DEVICE_FAMILY = "1,2";
			};
			name = Debug;
		};
		59D0468F2BD679C4004B6176 /* Release */ = {
			isa = XCBuildConfiguration;
			baseConfigurationReference = 09A076F89F93FE29CA046B3F /* Pods-GreenPOfferWallSample.release.xcconfig */;
			buildSettings = {
				ASSETCATALOG_COMPILER_APPICON_NAME = AppIcon;
				ASSETCATALOG_COMPILER_GLOBAL_ACCENT_COLOR_NAME = AccentColor;
				CODE_SIGN_STYLE = Automatic;
				CURRENT_PROJECT_VERSION = 1;
				DEVELOPMENT_TEAM = L93V5H6A4M;
				ENABLE_USER_SCRIPT_SANDBOXING = NO;
				GENERATE_INFOPLIST_FILE = YES;
				INFOPLIST_FILE = GreenPOfferWallSample/Info.plist;
				INFOPLIST_KEY_UIApplicationSupportsIndirectInputEvents = YES;
				INFOPLIST_KEY_UILaunchStoryboardName = LaunchScreen;
				INFOPLIST_KEY_UIMainStoryboardFile = Main;
				INFOPLIST_KEY_UISupportedInterfaceOrientations_iPad = "UIInterfaceOrientationPortrait UIInterfaceOrientationPortraitUpsideDown UIInterfaceOrientationLandscapeLeft UIInterfaceOrientationLandscapeRight";
				INFOPLIST_KEY_UISupportedInterfaceOrientations_iPhone = "UIInterfaceOrientationPortrait UIInterfaceOrientationLandscapeLeft UIInterfaceOrientationLandscapeRight";
				LD_RUNPATH_SEARCH_PATHS = (
					"$(inherited)",
					"@executable_path/Frameworks",
				);
				MARKETING_VERSION = 1.0;
				PRODUCT_BUNDLE_IDENTIFIER = adforus.GreenPOfferWallSample;
				PRODUCT_NAME = "$(TARGET_NAME)";
				SWIFT_EMIT_LOC_STRINGS = YES;
				SWIFT_VERSION = 5.0;
				TARGETED_DEVICE_FAMILY = "1,2";
			};
			name = Release;
		};
		59D046912BD679C4004B6176 /* Debug */ = {
			isa = XCBuildConfiguration;
			baseConfigurationReference = B85313A57682B253D395F4D0 /* Pods-GreenPOfferWallSampleTests.debug.xcconfig */;
			buildSettings = {
				ALWAYS_EMBED_SWIFT_STANDARD_LIBRARIES = YES;
				BUNDLE_LOADER = "$(TEST_HOST)";
				CODE_SIGN_STYLE = Automatic;
				CURRENT_PROJECT_VERSION = 1;
				DEVELOPMENT_TEAM = L93V5H6A4M;
				GENERATE_INFOPLIST_FILE = YES;
				IPHONEOS_DEPLOYMENT_TARGET = 17.4;
				MARKETING_VERSION = 1.0;
				PRODUCT_BUNDLE_IDENTIFIER = adforus.GreenPOfferWallSampleTests;
				PRODUCT_NAME = "$(TARGET_NAME)";
				SWIFT_EMIT_LOC_STRINGS = NO;
				SWIFT_VERSION = 5.0;
				TARGETED_DEVICE_FAMILY = "1,2";
				TEST_HOST = "$(BUILT_PRODUCTS_DIR)/GreenPOfferWallSample.app/$(BUNDLE_EXECUTABLE_FOLDER_PATH)/GreenPOfferWallSample";
			};
			name = Debug;
		};
		59D046922BD679C4004B6176 /* Release */ = {
			isa = XCBuildConfiguration;
			baseConfigurationReference = D7492D439A6D3B5707BAB84D /* Pods-GreenPOfferWallSampleTests.release.xcconfig */;
			buildSettings = {
				ALWAYS_EMBED_SWIFT_STANDARD_LIBRARIES = YES;
				BUNDLE_LOADER = "$(TEST_HOST)";
				CODE_SIGN_STYLE = Automatic;
				CURRENT_PROJECT_VERSION = 1;
				DEVELOPMENT_TEAM = L93V5H6A4M;
				GENERATE_INFOPLIST_FILE = YES;
				IPHONEOS_DEPLOYMENT_TARGET = 17.4;
				MARKETING_VERSION = 1.0;
				PRODUCT_BUNDLE_IDENTIFIER = adforus.GreenPOfferWallSampleTests;
				PRODUCT_NAME = "$(TARGET_NAME)";
				SWIFT_EMIT_LOC_STRINGS = NO;
				SWIFT_VERSION = 5.0;
				TARGETED_DEVICE_FAMILY = "1,2";
				TEST_HOST = "$(BUILT_PRODUCTS_DIR)/GreenPOfferWallSample.app/$(BUNDLE_EXECUTABLE_FOLDER_PATH)/GreenPOfferWallSample";
			};
			name = Release;
		};
		59D046942BD679C4004B6176 /* Debug */ = {
			isa = XCBuildConfiguration;
			baseConfigurationReference = 2767A0392924B086D550A86C /* Pods-GreenPOfferWallSample-GreenPOfferWallSampleUITests.debug.xcconfig */;
			buildSettings = {
				ALWAYS_EMBED_SWIFT_STANDARD_LIBRARIES = YES;
				CODE_SIGN_STYLE = Automatic;
				CURRENT_PROJECT_VERSION = 1;
				DEVELOPMENT_TEAM = L93V5H6A4M;
				GENERATE_INFOPLIST_FILE = YES;
				MARKETING_VERSION = 1.0;
				PRODUCT_BUNDLE_IDENTIFIER = adforus.GreenPOfferWallSampleUITests;
				PRODUCT_NAME = "$(TARGET_NAME)";
				SWIFT_EMIT_LOC_STRINGS = NO;
				SWIFT_VERSION = 5.0;
				TARGETED_DEVICE_FAMILY = "1,2";
				TEST_TARGET_NAME = GreenPOfferWallSample;
			};
			name = Debug;
		};
		59D046952BD679C4004B6176 /* Release */ = {
			isa = XCBuildConfiguration;
			baseConfigurationReference = 33114510C57833E3D2D38D7C /* Pods-GreenPOfferWallSample-GreenPOfferWallSampleUITests.release.xcconfig */;
			buildSettings = {
				ALWAYS_EMBED_SWIFT_STANDARD_LIBRARIES = YES;
				CODE_SIGN_STYLE = Automatic;
				CURRENT_PROJECT_VERSION = 1;
				DEVELOPMENT_TEAM = L93V5H6A4M;
				GENERATE_INFOPLIST_FILE = YES;
				MARKETING_VERSION = 1.0;
				PRODUCT_BUNDLE_IDENTIFIER = adforus.GreenPOfferWallSampleUITests;
				PRODUCT_NAME = "$(TARGET_NAME)";
				SWIFT_EMIT_LOC_STRINGS = NO;
				SWIFT_VERSION = 5.0;
				TARGETED_DEVICE_FAMILY = "1,2";
				TEST_TARGET_NAME = GreenPOfferWallSample;
			};
			name = Release;
		};
/* End XCBuildConfiguration section */

/* Begin XCConfigurationList section */
		59D0465E2BD679C3004B6176 /* Build configuration list for PBXProject "GreenPOfferWallSample" */ = {
			isa = XCConfigurationList;
			buildConfigurations = (
				59D0468B2BD679C4004B6176 /* Debug */,
				59D0468C2BD679C4004B6176 /* Release */,
			);
			defaultConfigurationIsVisible = 0;
			defaultConfigurationName = Release;
		};
		59D0468D2BD679C4004B6176 /* Build configuration list for PBXNativeTarget "GreenPOfferWallSample" */ = {
			isa = XCConfigurationList;
			buildConfigurations = (
				59D0468E2BD679C4004B6176 /* Debug */,
				59D0468F2BD679C4004B6176 /* Release */,
			);
			defaultConfigurationIsVisible = 0;
			defaultConfigurationName = Release;
		};
		59D046902BD679C4004B6176 /* Build configuration list for PBXNativeTarget "GreenPOfferWallSampleTests" */ = {
			isa = XCConfigurationList;
			buildConfigurations = (
				59D046912BD679C4004B6176 /* Debug */,
				59D046922BD679C4004B6176 /* Release */,
			);
			defaultConfigurationIsVisible = 0;
			defaultConfigurationName = Release;
		};
		59D046932BD679C4004B6176 /* Build configuration list for PBXNativeTarget "GreenPOfferWallSampleUITests" */ = {
			isa = XCConfigurationList;
			buildConfigurations = (
				59D046942BD679C4004B6176 /* Debug */,
				59D046952BD679C4004B6176 /* Release */,
			);
			defaultConfigurationIsVisible = 0;
			defaultConfigurationName = Release;
		};
/* End XCConfigurationList section */
	};
	rootObject = 59D0465B2BD679C3004B6176 /* Project object */;
}
